
Microsoft Visual Studio Solution File, Format Version 12.00
# Visual Studio 2012
Project("{FAE04EC0-301F-11D3-BF4B-00C04F79EFBC}") = "AdvancedColorPicker", "AdvancedColorPicker\AdvancedColorPicker.csproj", "{C449ABD5-399D-435F-A6BD-5EDD3603265A}"
EndProject
Global
	GlobalSection(SolutionConfigurationPlatforms) = preSolution
		Debug|Any CPU = Debug|Any CPU
		Release|Any CPU = Release|Any CPU
	EndGlobalSection
	GlobalSection(ProjectConfigurationPlatforms) = postSolution
		{C449ABD5-399D-435F-A6BD-5EDD3603265A}.Debug|Any CPU.ActiveCfg = Debug|Any CPU
		{C449ABD5-399D-435F-A6BD-5EDD3603265A}.Debug|Any CPU.Build.0 = Debug|Any CPU
		{C449ABD5-399D-435F-A6BD-5EDD3603265A}.Release|Any CPU.ActiveCfg = Release|Any CPU
		{C449ABD5-399D-435F-A6BD-5EDD3603265A}.Release|Any CPU.Build.0 = Release|Any CPU
	EndGlobalSection
EndGlobal
