
Microsoft Visual Studio Solution File, Format Version 12.00
# Visual Studio 15
Project("{FAE04EC0-301F-11D3-BF4B-00C04F79EFBC}") = "OfficeUIFabric.iOS", "source\OfficeUIFabric.iOS.csproj", "{CBDE1C82-BD32-4C5E-A8B9-8AA649C1E6B4}"
EndProject
Global
	GlobalSection(SolutionConfigurationPlatforms) = preSolution
		Debug|Any CPU = Debug|Any CPU
		Release|Any CPU = Release|Any CPU
		Debug|iPhoneSimulator = Debug|iPhoneSimulator
		Release|iPhoneSimulator = Release|iPhoneSimulator
		Debug|iPhone = Debug|iPhone
		Release|iPhone = Release|iPhone
	EndGlobalSection
	GlobalSection(ProjectConfigurationPlatforms) = postSolution
		{CBDE1C82-BD32-4C5E-A8B9-8AA649C1E6B4}.Debug|Any CPU.ActiveCfg = Debug|iPhoneSimulator
		{CBDE1C82-BD32-4C5E-A8B9-8AA649C1E6B4}.Debug|Any CPU.Build.0 = Debug|iPhoneSimulator
		{CBDE1C82-BD32-4C5E-A8B9-8AA649C1E6B4}.Release|Any CPU.ActiveCfg = Release|iPhoneSimulator
		{CBDE1C82-BD32-4C5E-A8B9-8AA649C1E6B4}.Release|Any CPU.Build.0 = Release|iPhoneSimulator
		{CBDE1C82-BD32-4C5E-A8B9-8AA649C1E6B4}.Debug|iPhoneSimulator.ActiveCfg = Debug|iPhoneSimulator
		{CBDE1C82-BD32-4C5E-A8B9-8AA649C1E6B4}.Debug|iPhoneSimulator.Build.0 = Debug|iPhoneSimulator
		{CBDE1C82-BD32-4C5E-A8B9-8AA649C1E6B4}.Release|iPhoneSimulator.ActiveCfg = Release|iPhoneSimulator
		{CBDE1C82-BD32-4C5E-A8B9-8AA649C1E6B4}.Release|iPhoneSimulator.Build.0 = Release|iPhoneSimulator
		{CBDE1C82-BD32-4C5E-A8B9-8AA649C1E6B4}.Debug|iPhone.ActiveCfg = Debug|iPhone
		{CBDE1C82-BD32-4C5E-A8B9-8AA649C1E6B4}.Debug|iPhone.Build.0 = Debug|iPhone
		{CBDE1C82-BD32-4C5E-A8B9-8AA649C1E6B4}.Release|iPhone.ActiveCfg = Release|iPhone
		{CBDE1C82-BD32-4C5E-A8B9-8AA649C1E6B4}.Release|iPhone.Build.0 = Release|iPhone
	EndGlobalSection
EndGlobal
