
Microsoft Visual Studio Solution File, Format Version 12.00
# Visual Studio 15
VisualStudioVersion = 15.0.28307.271
MinimumVisualStudioVersion = 10.0.40219.1
Project("{FAE04EC0-301F-11D3-BF4B-00C04F79EFBC}") = "RenderScriptV8", "source\RenderScriptV8.csproj", "{FB5C7024-A573-4F4D-83DE-F3F3D8887438}"
EndProject
Project("{FAE04EC0-301F-11D3-BF4B-00C04F79EFBC}") = "this-is-a-test", "this-is-a-test\this-is-a-test.csproj", "{F5E6F546-E971-4799-B602-7803A7328C4F}"
EndProject
Global
	GlobalSection(SolutionConfigurationPlatforms) = preSolution
		Debug|Any CPU = Debug|Any CPU
		Release|Any CPU = Release|Any CPU
	EndGlobalSection
	GlobalSection(ProjectConfigurationPlatforms) = postSolution
		{FB5C7024-A573-4F4D-83DE-F3F3D8887438}.Debug|Any CPU.ActiveCfg = Debug|Any CPU
		{FB5C7024-A573-4F4D-83DE-F3F3D8887438}.Debug|Any CPU.Build.0 = Debug|Any CPU
		{FB5C7024-A573-4F4D-83DE-F3F3D8887438}.Release|Any CPU.ActiveCfg = Release|Any CPU
		{FB5C7024-A573-4F4D-83DE-F3F3D8887438}.Release|Any CPU.Build.0 = Release|Any CPU
		{F5E6F546-E971-4799-B602-7803A7328C4F}.Debug|Any CPU.ActiveCfg = Debug|Any CPU
		{F5E6F546-E971-4799-B602-7803A7328C4F}.Debug|Any CPU.Build.0 = Debug|Any CPU
		{F5E6F546-E971-4799-B602-7803A7328C4F}.Release|Any CPU.ActiveCfg = Release|Any CPU
		{F5E6F546-E971-4799-B602-7803A7328C4F}.Release|Any CPU.Build.0 = Release|Any CPU
	EndGlobalSection
	GlobalSection(SolutionProperties) = preSolution
		HideSolutionNode = FALSE
	EndGlobalSection
	GlobalSection(ExtensibilityGlobals) = postSolution
		SolutionGuid = {CAC0F9D3-A924-4A83-8ED8-6DE2B30345DE}
	EndGlobalSection
EndGlobal
