
Microsoft Visual Studio Solution File, Format Version 12.00
# Visual Studio 15
Project("{FAE04EC0-301F-11D3-BF4B-00C04F79EFBC}") = "Square.OkHttp3.WS", "Square.OkHttp3.WS\Square.OkHttp3.WS.csproj", "{FC10C879-996F-4ED8-9FED-416BE2870B13}"
EndProject
Global
	GlobalSection(SolutionConfigurationPlatforms) = preSolution
		Debug|Any CPU = Debug|Any CPU
		Release|Any CPU = Release|Any CPU
	EndGlobalSection
	GlobalSection(ProjectConfigurationPlatforms) = postSolution
		{FC10C879-996F-4ED8-9FED-416BE2870B13}.Debug|Any CPU.ActiveCfg = Debug|Any CPU
		{FC10C879-996F-4ED8-9FED-416BE2870B13}.Debug|Any CPU.Build.0 = Debug|Any CPU
		{FC10C879-996F-4ED8-9FED-416BE2870B13}.Release|Any CPU.ActiveCfg = Release|Any CPU
		{FC10C879-996F-4ED8-9FED-416BE2870B13}.Release|Any CPU.Build.0 = Release|Any CPU
	EndGlobalSection
EndGlobal
