
Microsoft Visual Studio Solution File, Format Version 12.00
# Visual Studio Version 16
VisualStudioVersion = 16.0.29318.209
MinimumVisualStudioVersion = 10.0.40219.1
Project("{FAE04EC0-301F-11D3-BF4B-00C04F79EFBC}") = "Fileseperator", "Fileseperator\Fileseperator.csproj", "{F4B96090-F6EA-4E9C-A9CF-A20E35369783}"
EndProject
Project("{FAE04EC0-301F-11D3-BF4B-00C04F79EFBC}") = "Xamarin.Binding.IOS.Helpers", "Xamarin.Binding.IOS.Helpers\Xamarin.Binding.IOS.Helpers.csproj", "{8884F817-EFC1-45AA-B555-1C16CA94EA9A}"
EndProject
Global
	GlobalSection(SolutionConfigurationPlatforms) = preSolution
		Debug|Any CPU = Debug|Any CPU
		Release|Any CPU = Release|Any CPU
	EndGlobalSection
	GlobalSection(ProjectConfigurationPlatforms) = postSolution
		{F4B96090-F6EA-4E9C-A9CF-A20E35369783}.Debug|Any CPU.ActiveCfg = Debug|Any CPU
		{F4B96090-F6EA-4E9C-A9CF-A20E35369783}.Debug|Any CPU.Build.0 = Debug|Any CPU
		{F4B96090-F6EA-4E9C-A9CF-A20E35369783}.Release|Any CPU.ActiveCfg = Release|Any CPU
		{F4B96090-F6EA-4E9C-A9CF-A20E35369783}.Release|Any CPU.Build.0 = Release|Any CPU
		{8884F817-EFC1-45AA-B555-1C16CA94EA9A}.Debug|Any CPU.ActiveCfg = Debug|Any CPU
		{8884F817-EFC1-45AA-B555-1C16CA94EA9A}.Debug|Any CPU.Build.0 = Debug|Any CPU
		{8884F817-EFC1-45AA-B555-1C16CA94EA9A}.Release|Any CPU.ActiveCfg = Release|Any CPU
		{8884F817-EFC1-45AA-B555-1C16CA94EA9A}.Release|Any CPU.Build.0 = Release|Any CPU
	EndGlobalSection
	GlobalSection(SolutionProperties) = preSolution
		HideSolutionNode = FALSE
	EndGlobalSection
	GlobalSection(ExtensibilityGlobals) = postSolution
		SolutionGuid = {A2669B7A-CCA8-4950-A5F2-D563F1516C6D}
	EndGlobalSection
EndGlobal
