
Microsoft Visual Studio Solution File, Format Version 12.00
# Visual Studio 2012
Project("{FAE04EC0-301F-11D3-BF4B-00C04F79EFBC}") = "Xamarin.SimplePing.iOS", "Xamarin.SimplePing.iOS\Xamarin.SimplePing.iOS.csproj", "{C0CBA9C4-2DE4-44CC-BC51-AD30DEC16D59}"
EndProject
Project("{D954291E-2A0B-460D-934E-DC6B0785DB48}") = "Xamarin.SimplePing", "Xamarin.SimplePing\Xamarin.SimplePing.shproj", "{BBCEF792-5464-4964-B755-D612F700E4B1}"
EndProject
Project("{FAE04EC0-301F-11D3-BF4B-00C04F79EFBC}") = "Xamarin.SimplePing.Mac", "Xamarin.SimplePing.Mac\Xamarin.SimplePing.Mac.csproj", "{9E25E47C-7359-4B71-9E10-F7E4B1268872}"
EndProject
Project("{FAE04EC0-301F-11D3-BF4B-00C04F79EFBC}") = "Xamarin.SimplePing.tvOS", "Xamarin.SimplePing.tvOS\Xamarin.SimplePing.tvOS.csproj", "{ACF0D816-279F-492F-B8D4-26164DAB23ED}"
EndProject
Global
	GlobalSection(SolutionConfigurationPlatforms) = preSolution
		Debug|Any CPU = Debug|Any CPU
		Release|Any CPU = Release|Any CPU
	EndGlobalSection
	GlobalSection(ProjectConfigurationPlatforms) = postSolution
		{C0CBA9C4-2DE4-44CC-BC51-AD30DEC16D59}.Debug|Any CPU.ActiveCfg = Debug|Any CPU
		{C0CBA9C4-2DE4-44CC-BC51-AD30DEC16D59}.Debug|Any CPU.Build.0 = Debug|Any CPU
		{C0CBA9C4-2DE4-44CC-BC51-AD30DEC16D59}.Release|Any CPU.ActiveCfg = Release|Any CPU
		{C0CBA9C4-2DE4-44CC-BC51-AD30DEC16D59}.Release|Any CPU.Build.0 = Release|Any CPU
		{9E25E47C-7359-4B71-9E10-F7E4B1268872}.Debug|Any CPU.ActiveCfg = Debug|Any CPU
		{9E25E47C-7359-4B71-9E10-F7E4B1268872}.Debug|Any CPU.Build.0 = Debug|Any CPU
		{9E25E47C-7359-4B71-9E10-F7E4B1268872}.Release|Any CPU.ActiveCfg = Release|Any CPU
		{9E25E47C-7359-4B71-9E10-F7E4B1268872}.Release|Any CPU.Build.0 = Release|Any CPU
		{ACF0D816-279F-492F-B8D4-26164DAB23ED}.Debug|Any CPU.ActiveCfg = Debug|Any CPU
		{ACF0D816-279F-492F-B8D4-26164DAB23ED}.Debug|Any CPU.Build.0 = Debug|Any CPU
		{ACF0D816-279F-492F-B8D4-26164DAB23ED}.Release|Any CPU.ActiveCfg = Release|Any CPU
		{ACF0D816-279F-492F-B8D4-26164DAB23ED}.Release|Any CPU.Build.0 = Release|Any CPU
	EndGlobalSection
EndGlobal
