
Microsoft Visual Studio Solution File, Format Version 12.00
# Visual Studio 15
VisualStudioVersion = 15.0.27004.2009
MinimumVisualStudioVersion = 10.0.40219.1
Project("{FAE04EC0-301F-11D3-BF4B-00C04F79EFBC}") = "Xamarin.CheckerFramework.Checker", "Xamarin.CheckerFramework.Checker\Xamarin.CheckerFramework.Checker.csproj", "{A1F412EF-156E-4752-AD31-FB9EB14C0CD2}"
EndProject
Global
	GlobalSection(SolutionConfigurationPlatforms) = preSolution
		Debug|Any CPU = Debug|Any CPU
		Release|Any CPU = Release|Any CPU
	EndGlobalSection
	GlobalSection(ProjectConfigurationPlatforms) = postSolution
		{A1F412EF-156E-4752-AD31-FB9EB14C0CD2}.Debug|Any CPU.ActiveCfg = Debug|Any CPU
		{A1F412EF-156E-4752-AD31-FB9EB14C0CD2}.Debug|Any CPU.Build.0 = Debug|Any CPU
		{A1F412EF-156E-4752-AD31-FB9EB14C0CD2}.Release|Any CPU.ActiveCfg = Release|Any CPU
		{A1F412EF-156E-4752-AD31-FB9EB14C0CD2}.Release|Any CPU.Build.0 = Release|Any CPU
	EndGlobalSection
EndGlobal
