
Microsoft Visual Studio Solution File, Format Version 11.00
# Visual Studio 2010
Project("{FAE04EC0-301F-11D3-BF4B-00C04F79EFBC}") = "SDWebImageMapKitSample", "SDWebImageMapKitSample\SDWebImageMapKitSample.csproj", "{5DC02635-EFC4-420E-9FFE-250CF0E29525}"
EndProject
Project("{FAE04EC0-301F-11D3-BF4B-00C04F79EFBC}") = "SDWebImage", "..\..\source\SDWebImage\SDWebImage.csproj", "{4AFC5109-3DE9-4EB0-BF77-0FB3FC8BDB71}"
EndProject
Global
	GlobalSection(SolutionConfigurationPlatforms) = preSolution
		Debug|iPhoneSimulator = Debug|iPhoneSimulator
		Release|iPhoneSimulator = Release|iPhoneSimulator
		Debug|iPhone = Debug|iPhone
		Release|iPhone = Release|iPhone
		Ad-Hoc|iPhone = Ad-Hoc|iPhone
		AppStore|iPhone = AppStore|iPhone
	EndGlobalSection
	GlobalSection(ProjectConfigurationPlatforms) = postSolution
		{4AFC5109-3DE9-4EB0-BF77-0FB3FC8BDB71}.Ad-Hoc|iPhone.ActiveCfg = Release|Any CPU
		{4AFC5109-3DE9-4EB0-BF77-0FB3FC8BDB71}.Ad-Hoc|iPhone.Build.0 = Release|Any CPU
		{4AFC5109-3DE9-4EB0-BF77-0FB3FC8BDB71}.AppStore|iPhone.ActiveCfg = Release|Any CPU
		{4AFC5109-3DE9-4EB0-BF77-0FB3FC8BDB71}.AppStore|iPhone.Build.0 = Release|Any CPU
		{4AFC5109-3DE9-4EB0-BF77-0FB3FC8BDB71}.Debug|iPhone.ActiveCfg = Debug|Any CPU
		{4AFC5109-3DE9-4EB0-BF77-0FB3FC8BDB71}.Debug|iPhone.Build.0 = Debug|Any CPU
		{4AFC5109-3DE9-4EB0-BF77-0FB3FC8BDB71}.Debug|iPhoneSimulator.ActiveCfg = Debug|Any CPU
		{4AFC5109-3DE9-4EB0-BF77-0FB3FC8BDB71}.Debug|iPhoneSimulator.Build.0 = Debug|Any CPU
		{4AFC5109-3DE9-4EB0-BF77-0FB3FC8BDB71}.Release|iPhone.ActiveCfg = Release|Any CPU
		{4AFC5109-3DE9-4EB0-BF77-0FB3FC8BDB71}.Release|iPhone.Build.0 = Release|Any CPU
		{4AFC5109-3DE9-4EB0-BF77-0FB3FC8BDB71}.Release|iPhoneSimulator.ActiveCfg = Release|Any CPU
		{4AFC5109-3DE9-4EB0-BF77-0FB3FC8BDB71}.Release|iPhoneSimulator.Build.0 = Release|Any CPU
		{5DC02635-EFC4-420E-9FFE-250CF0E29525}.Ad-Hoc|iPhone.ActiveCfg = Ad-Hoc|iPhone
		{5DC02635-EFC4-420E-9FFE-250CF0E29525}.Ad-Hoc|iPhone.Build.0 = Ad-Hoc|iPhone
		{5DC02635-EFC4-420E-9FFE-250CF0E29525}.AppStore|iPhone.ActiveCfg = AppStore|iPhone
		{5DC02635-EFC4-420E-9FFE-250CF0E29525}.AppStore|iPhone.Build.0 = AppStore|iPhone
		{5DC02635-EFC4-420E-9FFE-250CF0E29525}.Debug|iPhone.ActiveCfg = Debug|iPhone
		{5DC02635-EFC4-420E-9FFE-250CF0E29525}.Debug|iPhone.Build.0 = Debug|iPhone
		{5DC02635-EFC4-420E-9FFE-250CF0E29525}.Debug|iPhoneSimulator.ActiveCfg = Debug|iPhoneSimulator
		{5DC02635-EFC4-420E-9FFE-250CF0E29525}.Debug|iPhoneSimulator.Build.0 = Debug|iPhoneSimulator
		{5DC02635-EFC4-420E-9FFE-250CF0E29525}.Release|iPhone.ActiveCfg = Release|iPhone
		{5DC02635-EFC4-420E-9FFE-250CF0E29525}.Release|iPhone.Build.0 = Release|iPhone
		{5DC02635-EFC4-420E-9FFE-250CF0E29525}.Release|iPhoneSimulator.ActiveCfg = Release|iPhoneSimulator
		{5DC02635-EFC4-420E-9FFE-250CF0E29525}.Release|iPhoneSimulator.Build.0 = Release|iPhoneSimulator
	EndGlobalSection
EndGlobal
