
Microsoft Visual Studio Solution File, Format Version 12.00
# Visual Studio 2012
Project("{FAE04EC0-301F-11D3-BF4B-00C04F79EFBC}") = "PopSample", "samples\PopSample\PopSample.csproj", "{6F66213C-631E-4989-A97B-C55C6A732569}"
EndProject
Project("{FAE04EC0-301F-11D3-BF4B-00C04F79EFBC}") = "Facebook.Pop", "source\Facebook.Pop.csproj", "{82DA909C-FBA8-4825-8354-DE89FF2CF0B4}"
EndProject
Global
	GlobalSection(SolutionConfigurationPlatforms) = preSolution
		Debug|Any CPU = Debug|Any CPU
		Release|Any CPU = Release|Any CPU
		Debug|iPhoneSimulator = Debug|iPhoneSimulator
		Release|iPhoneSimulator = Release|iPhoneSimulator
		Debug|iPhone = Debug|iPhone
		Release|iPhone = Release|iPhone
		Ad-Hoc|iPhone = Ad-Hoc|iPhone
		AppStore|iPhone = AppStore|iPhone
	EndGlobalSection
	GlobalSection(ProjectConfigurationPlatforms) = postSolution
		{6F66213C-631E-4989-A97B-C55C6A732569}.Ad-Hoc|iPhone.ActiveCfg = Ad-Hoc|iPhone
		{6F66213C-631E-4989-A97B-C55C6A732569}.Ad-Hoc|iPhone.Build.0 = Ad-Hoc|iPhone
		{6F66213C-631E-4989-A97B-C55C6A732569}.AppStore|iPhone.ActiveCfg = AppStore|iPhone
		{6F66213C-631E-4989-A97B-C55C6A732569}.AppStore|iPhone.Build.0 = AppStore|iPhone
		{6F66213C-631E-4989-A97B-C55C6A732569}.Debug|Any CPU.ActiveCfg = Debug|iPhoneSimulator
		{6F66213C-631E-4989-A97B-C55C6A732569}.Debug|Any CPU.Build.0 = Debug|iPhoneSimulator
		{6F66213C-631E-4989-A97B-C55C6A732569}.Debug|iPhone.ActiveCfg = Debug|iPhone
		{6F66213C-631E-4989-A97B-C55C6A732569}.Debug|iPhone.Build.0 = Debug|iPhone
		{6F66213C-631E-4989-A97B-C55C6A732569}.Debug|iPhoneSimulator.ActiveCfg = Debug|iPhoneSimulator
		{6F66213C-631E-4989-A97B-C55C6A732569}.Debug|iPhoneSimulator.Build.0 = Debug|iPhoneSimulator
		{6F66213C-631E-4989-A97B-C55C6A732569}.Release|Any CPU.ActiveCfg = Release|iPhoneSimulator
		{6F66213C-631E-4989-A97B-C55C6A732569}.Release|Any CPU.Build.0 = Release|iPhoneSimulator
		{6F66213C-631E-4989-A97B-C55C6A732569}.Release|iPhone.ActiveCfg = Release|iPhone
		{6F66213C-631E-4989-A97B-C55C6A732569}.Release|iPhone.Build.0 = Release|iPhone
		{6F66213C-631E-4989-A97B-C55C6A732569}.Release|iPhoneSimulator.ActiveCfg = Release|iPhoneSimulator
		{6F66213C-631E-4989-A97B-C55C6A732569}.Release|iPhoneSimulator.Build.0 = Release|iPhoneSimulator
		{82DA909C-FBA8-4825-8354-DE89FF2CF0B4}.Debug|Any CPU.ActiveCfg = Debug|Any CPU
		{82DA909C-FBA8-4825-8354-DE89FF2CF0B4}.Debug|Any CPU.Build.0 = Debug|Any CPU
		{82DA909C-FBA8-4825-8354-DE89FF2CF0B4}.Release|Any CPU.ActiveCfg = Release|Any CPU
		{82DA909C-FBA8-4825-8354-DE89FF2CF0B4}.Release|Any CPU.Build.0 = Release|Any CPU
		{82DA909C-FBA8-4825-8354-DE89FF2CF0B4}.Debug|iPhoneSimulator.ActiveCfg = Debug|Any CPU
		{82DA909C-FBA8-4825-8354-DE89FF2CF0B4}.Debug|iPhoneSimulator.Build.0 = Debug|Any CPU
		{82DA909C-FBA8-4825-8354-DE89FF2CF0B4}.Release|iPhoneSimulator.ActiveCfg = Release|Any CPU
		{82DA909C-FBA8-4825-8354-DE89FF2CF0B4}.Release|iPhoneSimulator.Build.0 = Release|Any CPU
		{82DA909C-FBA8-4825-8354-DE89FF2CF0B4}.Debug|iPhone.ActiveCfg = Debug|Any CPU
		{82DA909C-FBA8-4825-8354-DE89FF2CF0B4}.Debug|iPhone.Build.0 = Debug|Any CPU
		{82DA909C-FBA8-4825-8354-DE89FF2CF0B4}.Release|iPhone.ActiveCfg = Release|Any CPU
		{82DA909C-FBA8-4825-8354-DE89FF2CF0B4}.Release|iPhone.Build.0 = Release|Any CPU
		{82DA909C-FBA8-4825-8354-DE89FF2CF0B4}.Ad-Hoc|iPhone.ActiveCfg = Release|Any CPU
		{82DA909C-FBA8-4825-8354-DE89FF2CF0B4}.Ad-Hoc|iPhone.Build.0 = Release|Any CPU
		{82DA909C-FBA8-4825-8354-DE89FF2CF0B4}.AppStore|iPhone.ActiveCfg = Release|Any CPU
		{82DA909C-FBA8-4825-8354-DE89FF2CF0B4}.AppStore|iPhone.Build.0 = Release|Any CPU
	EndGlobalSection
EndGlobal
