
Microsoft Visual Studio Solution File, Format Version 12.00
# Visual Studio 2012
Project("{FAE04EC0-301F-11D3-BF4B-00C04F79EFBC}") = "SampleThing", "samples\SampleThing\SampleThing.csproj", "{40107CD9-B05D-4F28-A21F-751B79D6F5B2}"
EndProject
Project("{FAE04EC0-301F-11D3-BF4B-00C04F79EFBC}") = "Xamarin.Android.Things", "source\Xamarin.Android.Things.csproj", "{159AF82D-B6DF-4F8B-8DE7-4187547E0927}"
EndProject
Global
	GlobalSection(SolutionConfigurationPlatforms) = preSolution
		Debug|Any CPU = Debug|Any CPU
		Release|Any CPU = Release|Any CPU
	EndGlobalSection
	GlobalSection(ProjectConfigurationPlatforms) = postSolution
		{40107CD9-B05D-4F28-A21F-751B79D6F5B2}.Debug|Any CPU.ActiveCfg = Debug|Any CPU
		{40107CD9-B05D-4F28-A21F-751B79D6F5B2}.Debug|Any CPU.Build.0 = Debug|Any CPU
		{40107CD9-B05D-4F28-A21F-751B79D6F5B2}.Release|Any CPU.ActiveCfg = Release|Any CPU
		{40107CD9-B05D-4F28-A21F-751B79D6F5B2}.Release|Any CPU.Build.0 = Release|Any CPU
		{159AF82D-B6DF-4F8B-8DE7-4187547E0927}.Debug|Any CPU.ActiveCfg = Debug|Any CPU
		{159AF82D-B6DF-4F8B-8DE7-4187547E0927}.Debug|Any CPU.Build.0 = Debug|Any CPU
		{159AF82D-B6DF-4F8B-8DE7-4187547E0927}.Release|Any CPU.ActiveCfg = Release|Any CPU
		{159AF82D-B6DF-4F8B-8DE7-4187547E0927}.Release|Any CPU.Build.0 = Release|Any CPU
	EndGlobalSection
EndGlobal
