
Microsoft Visual Studio Solution File, Format Version 12.00
# Visual Studio 2012
VisualStudioVersion = 14.0.23107.0
MinimumVisualStudioVersion = 10.0.40219.1
Project("{FAE04EC0-301F-11D3-BF4B-00C04F79EFBC}") = "SidePanels", "..\..\source\SidePanels\SidePanels.csproj", "{D1C2A08A-44E1-421C-8AC0-C67550B03F38}"
EndProject
Project("{FAE04EC0-301F-11D3-BF4B-00C04F79EFBC}") = "JASidePanelsSample", "JASidePanelsSample\JASidePanelsSample.csproj", "{662F45C3-299D-421F-94E4-622A05637CE0}"
EndProject
Global
	GlobalSection(SolutionConfigurationPlatforms) = preSolution
		Debug|Any CPU = Debug|Any CPU
		Debug|iPhone = Debug|iPhone
		Debug|iPhoneSimulator = Debug|iPhoneSimulator
		Release|Any CPU = Release|Any CPU
		Release|iPhone = Release|iPhone
		Release|iPhoneSimulator = Release|iPhoneSimulator
	EndGlobalSection
	GlobalSection(ProjectConfigurationPlatforms) = postSolution
		{662F45C3-299D-421F-94E4-622A05637CE0}.Debug|Any CPU.ActiveCfg = Debug|iPhoneSimulator
		{662F45C3-299D-421F-94E4-622A05637CE0}.Debug|Any CPU.Build.0 = Debug|iPhoneSimulator
		{662F45C3-299D-421F-94E4-622A05637CE0}.Debug|iPhone.ActiveCfg = Debug|iPhone
		{662F45C3-299D-421F-94E4-622A05637CE0}.Debug|iPhone.Build.0 = Debug|iPhone
		{662F45C3-299D-421F-94E4-622A05637CE0}.Debug|iPhoneSimulator.ActiveCfg = Debug|iPhoneSimulator
		{662F45C3-299D-421F-94E4-622A05637CE0}.Debug|iPhoneSimulator.Build.0 = Debug|iPhoneSimulator
		{662F45C3-299D-421F-94E4-622A05637CE0}.Release|Any CPU.ActiveCfg = Release|iPhone
		{662F45C3-299D-421F-94E4-622A05637CE0}.Release|Any CPU.Build.0 = Release|iPhone
		{662F45C3-299D-421F-94E4-622A05637CE0}.Release|iPhone.ActiveCfg = Release|iPhone
		{662F45C3-299D-421F-94E4-622A05637CE0}.Release|iPhone.Build.0 = Release|iPhone
		{662F45C3-299D-421F-94E4-622A05637CE0}.Release|iPhoneSimulator.ActiveCfg = Release|iPhoneSimulator
		{662F45C3-299D-421F-94E4-622A05637CE0}.Release|iPhoneSimulator.Build.0 = Release|iPhoneSimulator
		{D1C2A08A-44E1-421C-8AC0-C67550B03F38}.Debug|Any CPU.ActiveCfg = Debug|Any CPU
		{D1C2A08A-44E1-421C-8AC0-C67550B03F38}.Debug|Any CPU.Build.0 = Debug|Any CPU
		{D1C2A08A-44E1-421C-8AC0-C67550B03F38}.Debug|iPhone.ActiveCfg = Debug|Any CPU
		{D1C2A08A-44E1-421C-8AC0-C67550B03F38}.Debug|iPhone.Build.0 = Debug|Any CPU
		{D1C2A08A-44E1-421C-8AC0-C67550B03F38}.Debug|iPhoneSimulator.ActiveCfg = Debug|Any CPU
		{D1C2A08A-44E1-421C-8AC0-C67550B03F38}.Debug|iPhoneSimulator.Build.0 = Debug|Any CPU
		{D1C2A08A-44E1-421C-8AC0-C67550B03F38}.Release|Any CPU.ActiveCfg = Release|Any CPU
		{D1C2A08A-44E1-421C-8AC0-C67550B03F38}.Release|Any CPU.Build.0 = Release|Any CPU
		{D1C2A08A-44E1-421C-8AC0-C67550B03F38}.Release|iPhone.ActiveCfg = Release|Any CPU
		{D1C2A08A-44E1-421C-8AC0-C67550B03F38}.Release|iPhone.Build.0 = Release|Any CPU
		{D1C2A08A-44E1-421C-8AC0-C67550B03F38}.Release|iPhoneSimulator.ActiveCfg = Release|Any CPU
		{D1C2A08A-44E1-421C-8AC0-C67550B03F38}.Release|iPhoneSimulator.Build.0 = Release|Any CPU
	EndGlobalSection
	GlobalSection(SolutionProperties) = preSolution
		HideSolutionNode = FALSE
	EndGlobalSection
EndGlobal
