
Microsoft Visual Studio Solution File, Format Version 12.00
# Visual Studio 2012
Project("{FAE04EC0-301F-11D3-BF4B-00C04F79EFBC}") = "ITSwitch", "..\..\source\ITSwitch\ITSwitch.csproj", "{949B9425-9233-4EB9-A4ED-AD4322D4BEC8}"
EndProject
Project("{FAE04EC0-301F-11D3-BF4B-00C04F79EFBC}") = "ITSwitchSample", "ITSwitchSample.csproj", "{73870F6F-2A89-4E6E-BE3C-7D0B7855A1F7}"
EndProject
Global
	GlobalSection(SolutionConfigurationPlatforms) = preSolution
		Debug|Any CPU = Debug|Any CPU
		Release|Any CPU = Release|Any CPU
	EndGlobalSection
	GlobalSection(ProjectConfigurationPlatforms) = postSolution
		{949B9425-9233-4EB9-A4ED-AD4322D4BEC8}.Debug|Any CPU.ActiveCfg = Debug|Any CPU
		{949B9425-9233-4EB9-A4ED-AD4322D4BEC8}.Debug|Any CPU.Build.0 = Debug|Any CPU
		{949B9425-9233-4EB9-A4ED-AD4322D4BEC8}.Release|Any CPU.ActiveCfg = Release|Any CPU
		{949B9425-9233-4EB9-A4ED-AD4322D4BEC8}.Release|Any CPU.Build.0 = Release|Any CPU
		{73870F6F-2A89-4E6E-BE3C-7D0B7855A1F7}.Debug|Any CPU.ActiveCfg = Debug|Any CPU
		{73870F6F-2A89-4E6E-BE3C-7D0B7855A1F7}.Debug|Any CPU.Build.0 = Debug|Any CPU
		{73870F6F-2A89-4E6E-BE3C-7D0B7855A1F7}.Release|Any CPU.ActiveCfg = Release|Any CPU
		{73870F6F-2A89-4E6E-BE3C-7D0B7855A1F7}.Release|Any CPU.Build.0 = Release|Any CPU
	EndGlobalSection
EndGlobal
