
Microsoft Visual Studio Solution File, Format Version 12.00
# Visual Studio 2012
VisualStudioVersion = 14.0.23107.0
MinimumVisualStudioVersion = 10.0.40219.1
Project("{FAE04EC0-301F-11D3-BF4B-00C04F79EFBC}") = "Google.ZXing.Core", "..\source\Google.ZXing.Core\Google.ZXing.Core.csproj", "{62AB2416-08F9-4E30-BC0B-93BCB1EAF84F}"
EndProject
Project("{FAE04EC0-301F-11D3-BF4B-00C04F79EFBC}") = "GoogleZXingSample", "GoogleZXingSample\GoogleZXingSample.csproj", "{F749E06A-B8D5-4969-99A6-1E6E9ED70781}"
EndProject
Global
	GlobalSection(SolutionConfigurationPlatforms) = preSolution
		Debug|Any CPU = Debug|Any CPU
		Release|Any CPU = Release|Any CPU
	EndGlobalSection
	GlobalSection(ProjectConfigurationPlatforms) = postSolution
		{62AB2416-08F9-4E30-BC0B-93BCB1EAF84F}.Debug|Any CPU.ActiveCfg = Debug|Any CPU
		{62AB2416-08F9-4E30-BC0B-93BCB1EAF84F}.Debug|Any CPU.Build.0 = Debug|Any CPU
		{62AB2416-08F9-4E30-BC0B-93BCB1EAF84F}.Release|Any CPU.ActiveCfg = Release|Any CPU
		{62AB2416-08F9-4E30-BC0B-93BCB1EAF84F}.Release|Any CPU.Build.0 = Release|Any CPU
		{F749E06A-B8D5-4969-99A6-1E6E9ED70781}.Debug|Any CPU.ActiveCfg = Debug|Any CPU
		{F749E06A-B8D5-4969-99A6-1E6E9ED70781}.Debug|Any CPU.Build.0 = Debug|Any CPU
		{F749E06A-B8D5-4969-99A6-1E6E9ED70781}.Debug|Any CPU.Deploy.0 = Debug|Any CPU
		{F749E06A-B8D5-4969-99A6-1E6E9ED70781}.Release|Any CPU.ActiveCfg = Release|Any CPU
		{F749E06A-B8D5-4969-99A6-1E6E9ED70781}.Release|Any CPU.Build.0 = Release|Any CPU
		{F749E06A-B8D5-4969-99A6-1E6E9ED70781}.Release|Any CPU.Deploy.0 = Release|Any CPU
	EndGlobalSection
	GlobalSection(SolutionProperties) = preSolution
		HideSolutionNode = FALSE
	EndGlobalSection
EndGlobal
