
Microsoft Visual Studio Solution File, Format Version 12.00
# Visual Studio Version 16
VisualStudioVersion = 16.0.30011.22
MinimumVisualStudioVersion = 10.0.40219.1
Project("{9A19103F-16F7-4668-BE54-9A1E7A4F7556}") = "Xamarin.ExposureNotification", "Xamarin.ExposureNotification\Xamarin.ExposureNotification.csproj", "{455BD53E-C845-4530-BE1F-27E871C256FE}"
EndProject
Global
	GlobalSection(SolutionConfigurationPlatforms) = preSolution
		Debug|Any CPU = Debug|Any CPU
		Release|Any CPU = Release|Any CPU
	EndGlobalSection
	GlobalSection(ProjectConfigurationPlatforms) = postSolution
		{455BD53E-C845-4530-BE1F-27E871C256FE}.Debug|Any CPU.ActiveCfg = Debug|Any CPU
		{455BD53E-C845-4530-BE1F-27E871C256FE}.Debug|Any CPU.Build.0 = Debug|Any CPU
		{455BD53E-C845-4530-BE1F-27E871C256FE}.Release|Any CPU.ActiveCfg = Release|Any CPU
		{455BD53E-C845-4530-BE1F-27E871C256FE}.Release|Any CPU.Build.0 = Release|Any CPU
	EndGlobalSection
	GlobalSection(SolutionProperties) = preSolution
		HideSolutionNode = FALSE
	EndGlobalSection
	GlobalSection(ExtensibilityGlobals) = postSolution
		SolutionGuid = {985A606E-5E24-4FEF-9A9F-CA992137FB14}
	EndGlobalSection
EndGlobal
