
Microsoft Visual Studio Solution File, Format Version 12.00
# Visual Studio 15
Project("{FAE04EC0-301F-11D3-BF4B-00C04F79EFBC}") = "KotlinBinding12", "KotlinBinding12\KotlinBinding12.csproj", "{3DA934AE-9330-4868-AFCC-7E702BDF7B56}"
EndProject
Project("{FAE04EC0-301F-11D3-BF4B-00C04F79EFBC}") = "KotlinBinding13", "KotlinBinding13\KotlinBinding13.csproj", "{3DA934AE-9330-4868-AFCC-7E702BDF7B57}"
EndProject
Global
	GlobalSection(SolutionConfigurationPlatforms) = preSolution
		Debug|Any CPU = Debug|Any CPU
		Release|Any CPU = Release|Any CPU
	EndGlobalSection
	GlobalSection(ProjectConfigurationPlatforms) = postSolution
		{3DA934AE-9330-4868-AFCC-7E702BDF7B56}.Debug|Any CPU.ActiveCfg = Debug|Any CPU
		{3DA934AE-9330-4868-AFCC-7E702BDF7B56}.Debug|Any CPU.Build.0 = Debug|Any CPU
		{3DA934AE-9330-4868-AFCC-7E702BDF7B56}.Release|Any CPU.ActiveCfg = Release|Any CPU
		{3DA934AE-9330-4868-AFCC-7E702BDF7B56}.Release|Any CPU.Build.0 = Release|Any CPU
		{3DA934AE-9330-4868-AFCC-7E702BDF7B57}.Debug|Any CPU.ActiveCfg = Debug|Any CPU
		{3DA934AE-9330-4868-AFCC-7E702BDF7B57}.Debug|Any CPU.Build.0 = Debug|Any CPU
		{3DA934AE-9330-4868-AFCC-7E702BDF7B57}.Release|Any CPU.ActiveCfg = Release|Any CPU
		{3DA934AE-9330-4868-AFCC-7E702BDF7B57}.Release|Any CPU.Build.0 = Release|Any CPU
	EndGlobalSection
EndGlobal
