
Microsoft Visual Studio Solution File, Format Version 12.00
# Visual Studio 2012
Project("{FAE04EC0-301F-11D3-BF4B-00C04F79EFBC}") = "iRateDemo", "iRateDemo.csproj", "{AC48AE7C-509D-45A8-A204-F7EF1E92334F}"
EndProject
Project("{FAE04EC0-301F-11D3-BF4B-00C04F79EFBC}") = "MTiRate", "..\..\source\MTiRate\MTiRate.csproj", "{73B16F2C-F815-4E1B-A1A2-4B79AFCBE533}"
EndProject
Global
	GlobalSection(SolutionConfigurationPlatforms) = preSolution
		Debug|iPhoneSimulator = Debug|iPhoneSimulator
		Release|iPhoneSimulator = Release|iPhoneSimulator
		Debug|iPhone = Debug|iPhone
		Release|iPhone = Release|iPhone
		Ad-Hoc|iPhone = Ad-Hoc|iPhone
		AppStore|iPhone = AppStore|iPhone
	EndGlobalSection
	GlobalSection(ProjectConfigurationPlatforms) = postSolution
		{73B16F2C-F815-4E1B-A1A2-4B79AFCBE533}.Ad-Hoc|iPhone.ActiveCfg = Release|Any CPU
		{73B16F2C-F815-4E1B-A1A2-4B79AFCBE533}.Ad-Hoc|iPhone.Build.0 = Release|Any CPU
		{73B16F2C-F815-4E1B-A1A2-4B79AFCBE533}.AppStore|iPhone.ActiveCfg = Release|Any CPU
		{73B16F2C-F815-4E1B-A1A2-4B79AFCBE533}.AppStore|iPhone.Build.0 = Release|Any CPU
		{73B16F2C-F815-4E1B-A1A2-4B79AFCBE533}.Debug|iPhone.ActiveCfg = Debug|Any CPU
		{73B16F2C-F815-4E1B-A1A2-4B79AFCBE533}.Debug|iPhone.Build.0 = Debug|Any CPU
		{73B16F2C-F815-4E1B-A1A2-4B79AFCBE533}.Debug|iPhoneSimulator.ActiveCfg = Debug|Any CPU
		{73B16F2C-F815-4E1B-A1A2-4B79AFCBE533}.Debug|iPhoneSimulator.Build.0 = Debug|Any CPU
		{73B16F2C-F815-4E1B-A1A2-4B79AFCBE533}.Release|iPhone.ActiveCfg = Release|Any CPU
		{73B16F2C-F815-4E1B-A1A2-4B79AFCBE533}.Release|iPhone.Build.0 = Release|Any CPU
		{73B16F2C-F815-4E1B-A1A2-4B79AFCBE533}.Release|iPhoneSimulator.ActiveCfg = Release|Any CPU
		{73B16F2C-F815-4E1B-A1A2-4B79AFCBE533}.Release|iPhoneSimulator.Build.0 = Release|Any CPU
		{AC48AE7C-509D-45A8-A204-F7EF1E92334F}.Ad-Hoc|iPhone.ActiveCfg = Ad-Hoc|iPhone
		{AC48AE7C-509D-45A8-A204-F7EF1E92334F}.Ad-Hoc|iPhone.Build.0 = Ad-Hoc|iPhone
		{AC48AE7C-509D-45A8-A204-F7EF1E92334F}.AppStore|iPhone.ActiveCfg = AppStore|iPhone
		{AC48AE7C-509D-45A8-A204-F7EF1E92334F}.AppStore|iPhone.Build.0 = AppStore|iPhone
		{AC48AE7C-509D-45A8-A204-F7EF1E92334F}.Debug|iPhone.ActiveCfg = Debug|iPhone
		{AC48AE7C-509D-45A8-A204-F7EF1E92334F}.Debug|iPhone.Build.0 = Debug|iPhone
		{AC48AE7C-509D-45A8-A204-F7EF1E92334F}.Debug|iPhoneSimulator.ActiveCfg = Debug|iPhoneSimulator
		{AC48AE7C-509D-45A8-A204-F7EF1E92334F}.Debug|iPhoneSimulator.Build.0 = Debug|iPhoneSimulator
		{AC48AE7C-509D-45A8-A204-F7EF1E92334F}.Release|iPhone.ActiveCfg = Release|iPhone
		{AC48AE7C-509D-45A8-A204-F7EF1E92334F}.Release|iPhone.Build.0 = Release|iPhone
		{AC48AE7C-509D-45A8-A204-F7EF1E92334F}.Release|iPhoneSimulator.ActiveCfg = Release|iPhoneSimulator
		{AC48AE7C-509D-45A8-A204-F7EF1E92334F}.Release|iPhoneSimulator.Build.0 = Release|iPhoneSimulator
	EndGlobalSection
EndGlobal
