
Microsoft Visual Studio Solution File, Format Version 12.00
# Visual Studio 2012
Project("{FAE04EC0-301F-11D3-BF4B-00C04F79EFBC}") = "iCarousel", "iCarousel\iCarousel.csproj", "{3565E10C-89B7-45C6-A412-C307BD8CAD0F}"
EndProject
Global
	GlobalSection(SolutionConfigurationPlatforms) = preSolution
		Debug|Any CPU = Debug|Any CPU
		Release|Any CPU = Release|Any CPU
		Debug|iPhoneSimulator = Debug|iPhoneSimulator
		Release|iPhoneSimulator = Release|iPhoneSimulator
		Debug|iPhone = Debug|iPhone
		Release|iPhone = Release|iPhone
	EndGlobalSection
	GlobalSection(ProjectConfigurationPlatforms) = postSolution
		{3565E10C-89B7-45C6-A412-C307BD8CAD0F}.Debug|Any CPU.ActiveCfg = Debug|Any CPU
		{3565E10C-89B7-45C6-A412-C307BD8CAD0F}.Debug|Any CPU.Build.0 = Debug|Any CPU
		{3565E10C-89B7-45C6-A412-C307BD8CAD0F}.Debug|iPhone.ActiveCfg = Debug|Any CPU
		{3565E10C-89B7-45C6-A412-C307BD8CAD0F}.Debug|iPhone.Build.0 = Debug|Any CPU
		{3565E10C-89B7-45C6-A412-C307BD8CAD0F}.Debug|iPhoneSimulator.ActiveCfg = Debug|Any CPU
		{3565E10C-89B7-45C6-A412-C307BD8CAD0F}.Debug|iPhoneSimulator.Build.0 = Debug|Any CPU
		{3565E10C-89B7-45C6-A412-C307BD8CAD0F}.Release|Any CPU.ActiveCfg = Release|Any CPU
		{3565E10C-89B7-45C6-A412-C307BD8CAD0F}.Release|Any CPU.Build.0 = Release|Any CPU
		{3565E10C-89B7-45C6-A412-C307BD8CAD0F}.Release|iPhone.ActiveCfg = Release|Any CPU
		{3565E10C-89B7-45C6-A412-C307BD8CAD0F}.Release|iPhone.Build.0 = Release|Any CPU
		{3565E10C-89B7-45C6-A412-C307BD8CAD0F}.Release|iPhoneSimulator.ActiveCfg = Release|Any CPU
		{3565E10C-89B7-45C6-A412-C307BD8CAD0F}.Release|iPhoneSimulator.Build.0 = Release|Any CPU
	EndGlobalSection
EndGlobal
