
Microsoft Visual Studio Solution File, Format Version 12.00
# Visual Studio 2012
VisualStudioVersion = 14.0.23107.0
MinimumVisualStudioVersion = 10.0.40219.1
Project("{FAE04EC0-301F-11D3-BF4B-00C04F79EFBC}") = "ShimmerSample", "samples\ShimmerSample\ShimmerSample\ShimmerSample.csproj", "{801986EA-CF6B-4128-8758-8864898719CD}"
EndProject
Project("{FAE04EC0-301F-11D3-BF4B-00C04F79EFBC}") = "Shimmer", "source\Shimmer\Shimmer.csproj", "{9F62FB30-2774-40C4-8787-B4F31E106684}"
EndProject
Global
	GlobalSection(SolutionConfigurationPlatforms) = preSolution
		Debug|iPhoneSimulator = Debug|iPhoneSimulator
		Debug|iPhone = Debug|iPhone
		Debug|Any CPU = Debug|Any CPU
		Release|iPhoneSimulator = Release|iPhoneSimulator
		Release|iPhone = Release|iPhone
		Release|Any CPU = Release|Any CPU
	EndGlobalSection
	GlobalSection(ProjectConfigurationPlatforms) = postSolution
		{801986EA-CF6B-4128-8758-8864898719CD}.Debug|Any CPU.ActiveCfg = Debug|iPhoneSimulator
		{801986EA-CF6B-4128-8758-8864898719CD}.Debug|Any CPU.Build.0 = Debug|iPhoneSimulator
		{801986EA-CF6B-4128-8758-8864898719CD}.Debug|iPhone.ActiveCfg = Debug|iPhone
		{801986EA-CF6B-4128-8758-8864898719CD}.Debug|iPhone.Build.0 = Debug|iPhone
		{801986EA-CF6B-4128-8758-8864898719CD}.Debug|iPhoneSimulator.ActiveCfg = Debug|iPhoneSimulator
		{801986EA-CF6B-4128-8758-8864898719CD}.Debug|iPhoneSimulator.Build.0 = Debug|iPhoneSimulator
		{801986EA-CF6B-4128-8758-8864898719CD}.Release|Any CPU.ActiveCfg = Release|iPhoneSimulator
		{801986EA-CF6B-4128-8758-8864898719CD}.Release|Any CPU.Build.0 = Release|iPhoneSimulator
		{801986EA-CF6B-4128-8758-8864898719CD}.Release|iPhone.ActiveCfg = Release|iPhone
		{801986EA-CF6B-4128-8758-8864898719CD}.Release|iPhone.Build.0 = Release|iPhone
		{801986EA-CF6B-4128-8758-8864898719CD}.Release|iPhoneSimulator.ActiveCfg = Release|iPhoneSimulator
		{801986EA-CF6B-4128-8758-8864898719CD}.Release|iPhoneSimulator.Build.0 = Release|iPhoneSimulator
		{9F62FB30-2774-40C4-8787-B4F31E106684}.Debug|iPhoneSimulator.ActiveCfg = Debug|Any CPU
		{9F62FB30-2774-40C4-8787-B4F31E106684}.Debug|iPhoneSimulator.Build.0 = Debug|Any CPU
		{9F62FB30-2774-40C4-8787-B4F31E106684}.Debug|iPhone.ActiveCfg = Debug|Any CPU
		{9F62FB30-2774-40C4-8787-B4F31E106684}.Debug|iPhone.Build.0 = Debug|Any CPU
		{9F62FB30-2774-40C4-8787-B4F31E106684}.Debug|Any CPU.ActiveCfg = Debug|Any CPU
		{9F62FB30-2774-40C4-8787-B4F31E106684}.Debug|Any CPU.Build.0 = Debug|Any CPU
		{9F62FB30-2774-40C4-8787-B4F31E106684}.Release|iPhoneSimulator.ActiveCfg = Release|Any CPU
		{9F62FB30-2774-40C4-8787-B4F31E106684}.Release|iPhoneSimulator.Build.0 = Release|Any CPU
		{9F62FB30-2774-40C4-8787-B4F31E106684}.Release|iPhone.ActiveCfg = Release|Any CPU
		{9F62FB30-2774-40C4-8787-B4F31E106684}.Release|iPhone.Build.0 = Release|Any CPU
		{9F62FB30-2774-40C4-8787-B4F31E106684}.Release|Any CPU.ActiveCfg = Release|Any CPU
		{9F62FB30-2774-40C4-8787-B4F31E106684}.Release|Any CPU.Build.0 = Release|Any CPU
	EndGlobalSection
	GlobalSection(SolutionProperties) = preSolution
		HideSolutionNode = FALSE
	EndGlobalSection
EndGlobal
