
Microsoft Visual Studio Solution File, Format Version 12.00
# Visual Studio 15
VisualStudioVersion = 15.0.28307.271
MinimumVisualStudioVersion = 10.0.40219.1
Project("{FAE04EC0-301F-11D3-BF4B-00C04F79EFBC}") = "Guava", "source\Guava\Guava.csproj", "{8308A870-2FEF-484E-B4F7-58DE38C8B5B2}"
EndProject
Project("{FAE04EC0-301F-11D3-BF4B-00C04F79EFBC}") = "Guava.FailureAccess", "source\Guava.FailureAccess\Guava.FailureAccess.csproj", "{F77FD2C9-181F-43C9-9533-20EE845F74BC}"
EndProject
Project("{FAE04EC0-301F-11D3-BF4B-00C04F79EFBC}") = "Guava.ListenableFuture", "source\Guava.ListenableFuture\Guava.ListenableFuture.csproj", "{6ADF0C2E-8513-40E6-921B-08AEFD7CBDD6}"
EndProject
Project("{FAE04EC0-301F-11D3-BF4B-00C04F79EFBC}") = "Xamarin.CodeHaus.Mojo.AnimalSnifferAnnotations", "source\Xamarin.CodeHaus.Mojo.AnimalSnifferAnnotations\Xamarin.CodeHaus.Mojo.AnimalSnifferAnnotations.csproj", "{6AF86A5B-1122-4413-8198-4B2F3FBAB725}"
EndProject
Project("{FAE04EC0-301F-11D3-BF4B-00C04F79EFBC}") = "Xamarin.Google.J2Objc.Annotations", "source\Xamarin.Google.J2Objc.Annotations\Xamarin.Google.J2Objc.Annotations.csproj", "{650C222B-1BE3-4F5E-970A-96B78002B741}"
EndProject
Project("{FAE04EC0-301F-11D3-BF4B-00C04F79EFBC}") = "Xamarin.CheckerFramework.CheckerCompatQual", "source\Xamarin.CheckerFramework.CheckerCompatQual\Xamarin.CheckerFramework.CheckerCompatQual.csproj", "{A5060B44-96C5-4B01-A024-C7310386F118}"
EndProject
Global
	GlobalSection(SolutionConfigurationPlatforms) = preSolution
		Debug|Any CPU = Debug|Any CPU
		Release|Any CPU = Release|Any CPU
	EndGlobalSection
	GlobalSection(ProjectConfigurationPlatforms) = postSolution
		{8308A870-2FEF-484E-B4F7-58DE38C8B5B2}.Debug|Any CPU.ActiveCfg = Debug|Any CPU
		{8308A870-2FEF-484E-B4F7-58DE38C8B5B2}.Debug|Any CPU.Build.0 = Debug|Any CPU
		{8308A870-2FEF-484E-B4F7-58DE38C8B5B2}.Release|Any CPU.ActiveCfg = Release|Any CPU
		{8308A870-2FEF-484E-B4F7-58DE38C8B5B2}.Release|Any CPU.Build.0 = Release|Any CPU
		{F77FD2C9-181F-43C9-9533-20EE845F74BC}.Debug|Any CPU.ActiveCfg = Debug|Any CPU
		{F77FD2C9-181F-43C9-9533-20EE845F74BC}.Debug|Any CPU.Build.0 = Debug|Any CPU
		{F77FD2C9-181F-43C9-9533-20EE845F74BC}.Release|Any CPU.ActiveCfg = Release|Any CPU
		{F77FD2C9-181F-43C9-9533-20EE845F74BC}.Release|Any CPU.Build.0 = Release|Any CPU
		{6ADF0C2E-8513-40E6-921B-08AEFD7CBDD6}.Debug|Any CPU.ActiveCfg = Debug|Any CPU
		{6ADF0C2E-8513-40E6-921B-08AEFD7CBDD6}.Debug|Any CPU.Build.0 = Debug|Any CPU
		{6ADF0C2E-8513-40E6-921B-08AEFD7CBDD6}.Release|Any CPU.ActiveCfg = Release|Any CPU
		{6ADF0C2E-8513-40E6-921B-08AEFD7CBDD6}.Release|Any CPU.Build.0 = Release|Any CPU
		{6AF86A5B-1122-4413-8198-4B2F3FBAB725}.Debug|Any CPU.ActiveCfg = Debug|Any CPU
		{6AF86A5B-1122-4413-8198-4B2F3FBAB725}.Debug|Any CPU.Build.0 = Debug|Any CPU
		{6AF86A5B-1122-4413-8198-4B2F3FBAB725}.Release|Any CPU.ActiveCfg = Release|Any CPU
		{6AF86A5B-1122-4413-8198-4B2F3FBAB725}.Release|Any CPU.Build.0 = Release|Any CPU
		{650C222B-1BE3-4F5E-970A-96B78002B741}.Debug|Any CPU.ActiveCfg = Debug|Any CPU
		{650C222B-1BE3-4F5E-970A-96B78002B741}.Debug|Any CPU.Build.0 = Debug|Any CPU
		{650C222B-1BE3-4F5E-970A-96B78002B741}.Release|Any CPU.ActiveCfg = Release|Any CPU
		{650C222B-1BE3-4F5E-970A-96B78002B741}.Release|Any CPU.Build.0 = Release|Any CPU
		{A5060B44-96C5-4B01-A024-C7310386F118}.Debug|Any CPU.ActiveCfg = Debug|Any CPU
		{A5060B44-96C5-4B01-A024-C7310386F118}.Debug|Any CPU.Build.0 = Debug|Any CPU
		{A5060B44-96C5-4B01-A024-C7310386F118}.Release|Any CPU.ActiveCfg = Release|Any CPU
		{A5060B44-96C5-4B01-A024-C7310386F118}.Release|Any CPU.Build.0 = Release|Any CPU
	EndGlobalSection
	GlobalSection(SolutionProperties) = preSolution
		HideSolutionNode = FALSE
	EndGlobalSection
	GlobalSection(ExtensibilityGlobals) = postSolution
		SolutionGuid = {CAC0F9D3-A924-4A83-8ED8-6DE2B30345DE}
	EndGlobalSection
EndGlobal
