
Microsoft Visual Studio Solution File, Format Version 12.00
# Visual Studio 15
Project("{FAE04EC0-301F-11D3-BF4B-00C04F79EFBC}") = "Square.OkHttp.UrlConnection", "Square.OkHttp.UrlConnection\Square.OkHttp.UrlConnection.csproj", "{5CA2C1AC-6F11-4597-BA23-78F8E1DD5735}"
EndProject
Global
	GlobalSection(SolutionConfigurationPlatforms) = preSolution
		Debug|Any CPU = Debug|Any CPU
		Release|Any CPU = Release|Any CPU
	EndGlobalSection
	GlobalSection(ProjectConfigurationPlatforms) = postSolution
		{5CA2C1AC-6F11-4597-BA23-78F8E1DD5735}.Debug|Any CPU.ActiveCfg = Debug|Any CPU
		{5CA2C1AC-6F11-4597-BA23-78F8E1DD5735}.Debug|Any CPU.Build.0 = Debug|Any CPU
		{5CA2C1AC-6F11-4597-BA23-78F8E1DD5735}.Release|Any CPU.ActiveCfg = Release|Any CPU
		{5CA2C1AC-6F11-4597-BA23-78F8E1DD5735}.Release|Any CPU.Build.0 = Release|Any CPU
	EndGlobalSection
EndGlobal
