
Microsoft Visual Studio Solution File, Format Version 12.00
# Visual Studio 14
VisualStudioVersion = 14.0.23107.0
MinimumVisualStudioVersion = 10.0.40219.1
Project("{FAE04EC0-301F-11D3-BF4B-00C04F79EFBC}") = "LiquidFloatingActionButton", "..\source\LiquidFloatingActionButton\LiquidFloatingActionButton.csproj", "{82E99AED-4239-466C-A839-E17CFAAC48DB}"
EndProject
Project("{FAE04EC0-301F-11D3-BF4B-00C04F79EFBC}") = "LiquidFloatingActionButtonSample", "LiquidFloatingActionButtonSample\LiquidFloatingActionButtonSample.csproj", "{801986EA-CF6B-4128-8758-8864898719CD}"
EndProject
Global
	GlobalSection(SolutionConfigurationPlatforms) = preSolution
		Debug|iPhoneSimulator = Debug|iPhoneSimulator
		Debug|iPhone = Debug|iPhone
		Debug|Any CPU = Debug|Any CPU
		Release|iPhoneSimulator = Release|iPhoneSimulator
		Release|iPhone = Release|iPhone
		Release|Any CPU = Release|Any CPU
	EndGlobalSection
	GlobalSection(ProjectConfigurationPlatforms) = postSolution
		{801986EA-CF6B-4128-8758-8864898719CC}.Debug|Any CPU.ActiveCfg = Debug|iPhoneSimulator
		{801986EA-CF6B-4128-8758-8864898719CC}.Debug|Any CPU.Build.0 = Debug|iPhoneSimulator
		{801986EA-CF6B-4128-8758-8864898719CC}.Debug|iPhone.ActiveCfg = Debug|iPhone
		{801986EA-CF6B-4128-8758-8864898719CC}.Debug|iPhone.Build.0 = Debug|iPhone
		{801986EA-CF6B-4128-8758-8864898719CC}.Debug|iPhoneSimulator.ActiveCfg = Debug|iPhoneSimulator
		{801986EA-CF6B-4128-8758-8864898719CC}.Debug|iPhoneSimulator.Build.0 = Debug|iPhoneSimulator
		{801986EA-CF6B-4128-8758-8864898719CC}.Release|Any CPU.ActiveCfg = Release|iPhoneSimulator
		{801986EA-CF6B-4128-8758-8864898719CC}.Release|Any CPU.Build.0 = Release|iPhoneSimulator
		{801986EA-CF6B-4128-8758-8864898719CC}.Release|iPhone.ActiveCfg = Release|iPhone
		{801986EA-CF6B-4128-8758-8864898719CC}.Release|iPhone.Build.0 = Release|iPhone
		{801986EA-CF6B-4128-8758-8864898719CC}.Release|iPhoneSimulator.ActiveCfg = Release|iPhoneSimulator
		{801986EA-CF6B-4128-8758-8864898719CC}.Release|iPhoneSimulator.Build.0 = Release|iPhoneSimulator
		{801986EA-CF6B-4128-8758-8864898719CD}.Debug|Any CPU.ActiveCfg = Debug|iPhoneSimulator
		{801986EA-CF6B-4128-8758-8864898719CD}.Debug|Any CPU.Build.0 = Debug|iPhoneSimulator
		{801986EA-CF6B-4128-8758-8864898719CD}.Debug|iPhone.ActiveCfg = Debug|iPhone
		{801986EA-CF6B-4128-8758-8864898719CD}.Debug|iPhone.Build.0 = Debug|iPhone
		{801986EA-CF6B-4128-8758-8864898719CD}.Debug|iPhoneSimulator.ActiveCfg = Debug|iPhoneSimulator
		{801986EA-CF6B-4128-8758-8864898719CD}.Debug|iPhoneSimulator.Build.0 = Debug|iPhoneSimulator
		{801986EA-CF6B-4128-8758-8864898719CD}.Release|Any CPU.ActiveCfg = Release|iPhoneSimulator
		{801986EA-CF6B-4128-8758-8864898719CD}.Release|Any CPU.Build.0 = Release|iPhoneSimulator
		{801986EA-CF6B-4128-8758-8864898719CD}.Release|iPhone.ActiveCfg = Release|iPhone
		{801986EA-CF6B-4128-8758-8864898719CD}.Release|iPhone.Build.0 = Release|iPhone
		{801986EA-CF6B-4128-8758-8864898719CD}.Release|iPhoneSimulator.ActiveCfg = Release|iPhoneSimulator
		{801986EA-CF6B-4128-8758-8864898719CD}.Release|iPhoneSimulator.Build.0 = Release|iPhoneSimulator
		{82E99AED-4239-466C-A839-E17CFAAC48DB}.Debug|Any CPU.ActiveCfg = Debug|Any CPU
		{82E99AED-4239-466C-A839-E17CFAAC48DB}.Debug|Any CPU.Build.0 = Debug|Any CPU
		{82E99AED-4239-466C-A839-E17CFAAC48DB}.Debug|iPhone.ActiveCfg = Debug|Any CPU
		{82E99AED-4239-466C-A839-E17CFAAC48DB}.Debug|iPhone.Build.0 = Debug|Any CPU
		{82E99AED-4239-466C-A839-E17CFAAC48DB}.Debug|iPhoneSimulator.ActiveCfg = Debug|Any CPU
		{82E99AED-4239-466C-A839-E17CFAAC48DB}.Debug|iPhoneSimulator.Build.0 = Debug|Any CPU
		{82E99AED-4239-466C-A839-E17CFAAC48DB}.Release|Any CPU.ActiveCfg = Release|Any CPU
		{82E99AED-4239-466C-A839-E17CFAAC48DB}.Release|Any CPU.Build.0 = Release|Any CPU
		{82E99AED-4239-466C-A839-E17CFAAC48DB}.Release|iPhone.ActiveCfg = Release|Any CPU
		{82E99AED-4239-466C-A839-E17CFAAC48DB}.Release|iPhone.Build.0 = Release|Any CPU
		{82E99AED-4239-466C-A839-E17CFAAC48DB}.Release|iPhoneSimulator.ActiveCfg = Release|Any CPU
		{82E99AED-4239-466C-A839-E17CFAAC48DB}.Release|iPhoneSimulator.Build.0 = Release|Any CPU
		{82E99AED-4239-466C-A839-E17CFAAC48DC}.Debug|Any CPU.ActiveCfg = Debug|Any CPU
		{82E99AED-4239-466C-A839-E17CFAAC48DC}.Debug|Any CPU.Build.0 = Debug|Any CPU
		{82E99AED-4239-466C-A839-E17CFAAC48DC}.Debug|iPhone.ActiveCfg = Debug|Any CPU
		{82E99AED-4239-466C-A839-E17CFAAC48DC}.Debug|iPhone.Build.0 = Debug|Any CPU
		{82E99AED-4239-466C-A839-E17CFAAC48DC}.Debug|iPhoneSimulator.ActiveCfg = Debug|Any CPU
		{82E99AED-4239-466C-A839-E17CFAAC48DC}.Debug|iPhoneSimulator.Build.0 = Debug|Any CPU
		{82E99AED-4239-466C-A839-E17CFAAC48DC}.Release|Any CPU.ActiveCfg = Release|Any CPU
		{82E99AED-4239-466C-A839-E17CFAAC48DC}.Release|Any CPU.Build.0 = Release|Any CPU
		{82E99AED-4239-466C-A839-E17CFAAC48DC}.Release|iPhone.ActiveCfg = Release|Any CPU
		{82E99AED-4239-466C-A839-E17CFAAC48DC}.Release|iPhone.Build.0 = Release|Any CPU
		{82E99AED-4239-466C-A839-E17CFAAC48DC}.Release|iPhoneSimulator.ActiveCfg = Release|Any CPU
		{82E99AED-4239-466C-A839-E17CFAAC48DC}.Release|iPhoneSimulator.Build.0 = Release|Any CPU
	EndGlobalSection
	GlobalSection(SolutionProperties) = preSolution
		HideSolutionNode = FALSE
	EndGlobalSection
EndGlobal
