Microsoft Visual Studio Solution File, Format Version 12.00
# Visual Studio Version 16
VisualStudioVersion = 16.0.30413.136
MinimumVisualStudioVersion = 10.0.40219.1
Project("{FAE04EC0-301F-11D3-BF4B-00C04F79EFBC}") = "ReactiveXSample", "ReactiveXSample\ReactiveXSample.csproj", "{BE1BC037-19D1-4A1F-BD58-4A8A99B424BF}"
EndProject
Project("{FAE04EC0-301F-11D3-BF4B-00C04F79EFBC}") = "ReactiveXSampleLibrary", "ReactiveXSampleLibrary\ReactiveXSampleLibrary.csproj", "{7284601F-A95A-4707-9FF2-4618AB0A9AA9}"
EndProject
Global
	GlobalSection(SolutionConfigurationPlatforms) = preSolution
		Debug|Any CPU = Debug|Any CPU
		Release|Any CPU = Release|Any CPU
	EndGlobalSection
	GlobalSection(ProjectConfigurationPlatforms) = postSolution
		{BE1BC037-19D1-4A1F-BD58-4A8A99B424BF}.Debug|Any CPU.ActiveCfg = Debug|Any CPU
		{BE1BC037-19D1-4A1F-BD58-4A8A99B424BF}.Debug|Any CPU.Build.0 = Debug|Any CPU
		{BE1BC037-19D1-4A1F-BD58-4A8A99B424BF}.Release|Any CPU.ActiveCfg = Release|Any CPU
		{BE1BC037-19D1-4A1F-BD58-4A8A99B424BF}.Release|Any CPU.Build.0 = Release|Any CPU
		{7284601F-A95A-4707-9FF2-4618AB0A9AA9}.Debug|Any CPU.ActiveCfg = Debug|Any CPU
		{7284601F-A95A-4707-9FF2-4618AB0A9AA9}.Debug|Any CPU.Build.0 = Debug|Any CPU
		{7284601F-A95A-4707-9FF2-4618AB0A9AA9}.Release|Any CPU.ActiveCfg = Release|Any CPU
		{7284601F-A95A-4707-9FF2-4618AB0A9AA9}.Release|Any CPU.Build.0 = Release|Any CPU
	EndGlobalSection
	GlobalSection(SolutionProperties) = preSolution
		HideSolutionNode = FALSE
	EndGlobalSection
	GlobalSection(ExtensibilityGlobals) = postSolution
		SolutionGuid = {2B13BDB7-3FBB-442D-8AD9-97214214D0DA}
	EndGlobalSection
EndGlobal
