
Microsoft Visual Studio Solution File, Format Version 12.00
# Visual Studio 2012
VisualStudioVersion = 14.0.23107.0
MinimumVisualStudioVersion = 10.0.40219.1
Project("{FAE04EC0-301F-11D3-BF4B-00C04F79EFBC}") = "StickyHeader", "StickyHeader\StickyHeader.csproj", "{D49B0B24-C77B-4559-ADF7-9A40C0AEC0BA}"
EndProject
Global
	GlobalSection(SolutionConfigurationPlatforms) = preSolution
		Debug|Any CPU = Debug|Any CPU
		Release|Any CPU = Release|Any CPU
	EndGlobalSection
	GlobalSection(ProjectConfigurationPlatforms) = postSolution
		{D49B0B24-C77B-4559-ADF7-9A40C0AEC0BA}.Debug|Any CPU.ActiveCfg = Debug|Any CPU
		{D49B0B24-C77B-4559-ADF7-9A40C0AEC0BA}.Debug|Any CPU.Build.0 = Debug|Any CPU
		{D49B0B24-C77B-4559-ADF7-9A40C0AEC0BA}.Release|Any CPU.ActiveCfg = Release|Any CPU
		{D49B0B24-C77B-4559-ADF7-9A40C0AEC0BA}.Release|Any CPU.Build.0 = Release|Any CPU
	EndGlobalSection
	GlobalSection(SolutionProperties) = preSolution
		HideSolutionNode = FALSE
	EndGlobalSection
EndGlobal
