
Microsoft Visual Studio Solution File, Format Version 11.00
# Visual Studio 2010
Project("{FAE04EC0-301F-11D3-BF4B-00C04F79EFBC}") = "BeaconExample", "BeaconExample\BeaconExample.csproj", "{C90DDE5B-AF31-410E-AEA9-9E3329642931}"
EndProject
Project("{FAE04EC0-301F-11D3-BF4B-00C04F79EFBC}") = "Xamarin.Estimote.iOS", "..\source\Xamarin.Estimote.iOS.csproj", "{0885CB6E-59A8-4971-8820-4604A497D14F}"
EndProject
Global
	GlobalSection(SolutionConfigurationPlatforms) = preSolution
		Debug|iPhoneSimulator = Debug|iPhoneSimulator
		Release|iPhoneSimulator = Release|iPhoneSimulator
		Debug|iPhone = Debug|iPhone
		Release|iPhone = Release|iPhone
		Ad-Hoc|iPhone = Ad-Hoc|iPhone
		AppStore|iPhone = AppStore|iPhone
	EndGlobalSection
	GlobalSection(ProjectConfigurationPlatforms) = postSolution
		{C90DDE5B-AF31-410E-AEA9-9E3329642931}.Ad-Hoc|iPhone.ActiveCfg = Ad-Hoc|iPhone
		{C90DDE5B-AF31-410E-AEA9-9E3329642931}.Ad-Hoc|iPhone.Build.0 = Ad-Hoc|iPhone
		{C90DDE5B-AF31-410E-AEA9-9E3329642931}.AppStore|iPhone.ActiveCfg = AppStore|iPhone
		{C90DDE5B-AF31-410E-AEA9-9E3329642931}.AppStore|iPhone.Build.0 = AppStore|iPhone
		{C90DDE5B-AF31-410E-AEA9-9E3329642931}.Debug|iPhone.ActiveCfg = Debug|iPhone
		{C90DDE5B-AF31-410E-AEA9-9E3329642931}.Debug|iPhone.Build.0 = Debug|iPhone
		{C90DDE5B-AF31-410E-AEA9-9E3329642931}.Debug|iPhoneSimulator.ActiveCfg = Debug|iPhoneSimulator
		{C90DDE5B-AF31-410E-AEA9-9E3329642931}.Debug|iPhoneSimulator.Build.0 = Debug|iPhoneSimulator
		{C90DDE5B-AF31-410E-AEA9-9E3329642931}.Release|iPhone.ActiveCfg = Release|iPhone
		{C90DDE5B-AF31-410E-AEA9-9E3329642931}.Release|iPhone.Build.0 = Release|iPhone
		{C90DDE5B-AF31-410E-AEA9-9E3329642931}.Release|iPhoneSimulator.ActiveCfg = Release|iPhoneSimulator
		{C90DDE5B-AF31-410E-AEA9-9E3329642931}.Release|iPhoneSimulator.Build.0 = Release|iPhoneSimulator
		{0885CB6E-59A8-4971-8820-4604A497D14F}.Debug|iPhoneSimulator.ActiveCfg = Debug|Any CPU
		{0885CB6E-59A8-4971-8820-4604A497D14F}.Debug|iPhoneSimulator.Build.0 = Debug|Any CPU
		{0885CB6E-59A8-4971-8820-4604A497D14F}.Release|iPhoneSimulator.ActiveCfg = Release|Any CPU
		{0885CB6E-59A8-4971-8820-4604A497D14F}.Release|iPhoneSimulator.Build.0 = Release|Any CPU
		{0885CB6E-59A8-4971-8820-4604A497D14F}.Debug|iPhone.ActiveCfg = Debug|Any CPU
		{0885CB6E-59A8-4971-8820-4604A497D14F}.Debug|iPhone.Build.0 = Debug|Any CPU
		{0885CB6E-59A8-4971-8820-4604A497D14F}.Release|iPhone.ActiveCfg = Release|Any CPU
		{0885CB6E-59A8-4971-8820-4604A497D14F}.Release|iPhone.Build.0 = Release|Any CPU
		{0885CB6E-59A8-4971-8820-4604A497D14F}.Ad-Hoc|iPhone.ActiveCfg = Release|Any CPU
		{0885CB6E-59A8-4971-8820-4604A497D14F}.Ad-Hoc|iPhone.Build.0 = Release|Any CPU
		{0885CB6E-59A8-4971-8820-4604A497D14F}.AppStore|iPhone.ActiveCfg = Release|Any CPU
		{0885CB6E-59A8-4971-8820-4604A497D14F}.AppStore|iPhone.Build.0 = Release|Any CPU
	EndGlobalSection
EndGlobal
