
Microsoft Visual Studio Solution File, Format Version 11.00
# Visual Studio 2010
Project("{FAE04EC0-301F-11D3-BF4B-00C04F79EFBC}") = "JSQMessagesViewController", "JSQMessagesViewController.csproj", "{602BD0C3-9A72-4EE0-8728-88E93F5A0643}"
EndProject
Global
	GlobalSection(SolutionConfigurationPlatforms) = preSolution
		Debug|Any CPU = Debug|Any CPU
		Release|Any CPU = Release|Any CPU
	EndGlobalSection
	GlobalSection(ProjectConfigurationPlatforms) = postSolution
		{602BD0C3-9A72-4EE0-8728-88E93F5A0643}.Debug|Any CPU.ActiveCfg = Debug|Any CPU
		{602BD0C3-9A72-4EE0-8728-88E93F5A0643}.Debug|Any CPU.Build.0 = Debug|Any CPU
		{602BD0C3-9A72-4EE0-8728-88E93F5A0643}.Release|Any CPU.ActiveCfg = Release|Any CPU
		{602BD0C3-9A72-4EE0-8728-88E93F5A0643}.Release|Any CPU.Build.0 = Release|Any CPU
	EndGlobalSection
EndGlobal
