Microsoft Visual Studio Solution File, Format Version 12.00
# Visual Studio Version 16
VisualStudioVersion = 16.0.28803.352
MinimumVisualStudioVersion = 10.0.40219.1
Project("{9A19103F-16F7-4668-BE54-9A1E7A4F7556}") = "OfficeUIFabric.Android", "source\OfficeUIFabric.Android.csproj", "{E0BBFCBA-FF7B-43D0-990C-C7F838E32C82}"
EndProject
Project("{FAE04EC0-301F-11D3-BF4B-00C04F79EFBC}") = "OfficeUIFabricSampleDroid", "samples\OfficeUIFabricSampleDroid\OfficeUIFabricSampleDroid.csproj", "{7D49DFB9-4D77-40A9-8288-C7053966A7A1}"
EndProject
Global
	GlobalSection(SolutionConfigurationPlatforms) = preSolution
		Debug|Any CPU = Debug|Any CPU
		Release|Any CPU = Release|Any CPU
	EndGlobalSection
	GlobalSection(ProjectConfigurationPlatforms) = postSolution
		{E0BBFCBA-FF7B-43D0-990C-C7F838E32C82}.Debug|Any CPU.ActiveCfg = Debug|Any CPU
		{E0BBFCBA-FF7B-43D0-990C-C7F838E32C82}.Debug|Any CPU.Build.0 = Debug|Any CPU
		{E0BBFCBA-FF7B-43D0-990C-C7F838E32C82}.Release|Any CPU.ActiveCfg = Release|Any CPU
		{E0BBFCBA-FF7B-43D0-990C-C7F838E32C82}.Release|Any CPU.Build.0 = Release|Any CPU
		{7D49DFB9-4D77-40A9-8288-C7053966A7A1}.Debug|Any CPU.ActiveCfg = Debug|Any CPU
		{7D49DFB9-4D77-40A9-8288-C7053966A7A1}.Debug|Any CPU.Build.0 = Debug|Any CPU
		{7D49DFB9-4D77-40A9-8288-C7053966A7A1}.Debug|Any CPU.Deploy.0 = Debug|Any CPU
		{7D49DFB9-4D77-40A9-8288-C7053966A7A1}.Release|Any CPU.ActiveCfg = Release|Any CPU
		{7D49DFB9-4D77-40A9-8288-C7053966A7A1}.Release|Any CPU.Build.0 = Release|Any CPU
		{7D49DFB9-4D77-40A9-8288-C7053966A7A1}.Release|Any CPU.Deploy.0 = Release|Any CPU
	EndGlobalSection
	GlobalSection(SolutionProperties) = preSolution
		HideSolutionNode = FALSE
	EndGlobalSection
	GlobalSection(ExtensibilityGlobals) = postSolution
		SolutionGuid = {B819FCE8-0030-4BCF-BE99-A83D218BDCDF}
	EndGlobalSection
EndGlobal
