
Microsoft Visual Studio Solution File, Format Version 12.00
# Visual Studio Version 16
VisualStudioVersion = 16.0.30105.148
MinimumVisualStudioVersion = 10.0.40219.1
Project("{2150E333-8FDC-42A3-9474-1A3956D46DE8}") = "source", "source", "{BA182354-2F3F-4EAE-8F20-2E32EE13B41D}"
EndProject
Project("{9A19103F-16F7-4668-BE54-9A1E7A4F7556}") = "Xamarin.Chromium.CroNet.API.XamarinAndroid", "..\source\CroNet.API.XamarinAndroid\Xamarin.Chromium.CroNet.API.XamarinAndroid.csproj", "{F6843A4C-C78E-4A71-96B8-E77FAF3AF817}"
EndProject
Project("{9A19103F-16F7-4668-BE54-9A1E7A4F7556}") = "Xamarin.Chromium.CroNet.Embedded.XamarinAndroid", "..\source\CroNet.Embedded.XamarinAndroid\Xamarin.Chromium.CroNet.Embedded.XamarinAndroid.csproj", "{50CC1366-429B-479A-861D-86B9ABB9FB76}"
EndProject
Project("{9A19103F-16F7-4668-BE54-9A1E7A4F7556}") = "Xamarin.Chromium.CroNet.FallBack.XamarinAndroid", "..\source\CroNet.FallBack.XamarinAndroid\Xamarin.Chromium.CroNet.FallBack.XamarinAndroid.csproj", "{25D2145D-5F58-4A1C-9A95-0B520DB16068}"
EndProject
Project("{9A19103F-16F7-4668-BE54-9A1E7A4F7556}") = "Xamarin.Chromium.CroNet.Common.XamarinAndroid", "..\source\CroNet.Common.XamarinAndroid\Xamarin.Chromium.CroNet.Common.XamarinAndroid.csproj", "{A8B8A4E7-5D70-4065-8C0A-59075D323817}"
EndProject
Project("{FAE04EC0-301F-11D3-BF4B-00C04F79EFBC}") = "Sample.XamarinAndroid", "Sample.XamarinAndroid\Sample.XamarinAndroid.csproj", "{532C8277-E9F9-4D46-9F38-AFB4A705ED49}"
EndProject
Project("{FAE04EC0-301F-11D3-BF4B-00C04F79EFBC}") = "Sample.XamarinForms.Android", "Sample.XamarinForms\Sample.XamarinForms.Android\Sample.XamarinForms.Android.csproj", "{C106E985-D61F-44BB-BFB6-6DA816D74D3F}"
EndProject
Project("{FAE04EC0-301F-11D3-BF4B-00C04F79EFBC}") = "Sample.XamarinForms.iOS", "Sample.XamarinForms\Sample.XamarinForms.iOS\Sample.XamarinForms.iOS.csproj", "{53A9BF5F-24DA-4E54-9DB5-805D1EA260BB}"
EndProject
Project("{FAE04EC0-301F-11D3-BF4B-00C04F79EFBC}") = "Sample.XamarinForms", "Sample.XamarinForms\Sample.XamarinForms\Sample.XamarinForms.csproj", "{7713986D-8374-4985-8BDA-516D59B939F5}"
EndProject
Global
	GlobalSection(SolutionConfigurationPlatforms) = preSolution
		Debug|Any CPU = Debug|Any CPU
		Debug|iPhone = Debug|iPhone
		Debug|iPhoneSimulator = Debug|iPhoneSimulator
		Release|Any CPU = Release|Any CPU
		Release|iPhone = Release|iPhone
		Release|iPhoneSimulator = Release|iPhoneSimulator
	EndGlobalSection
	GlobalSection(ProjectConfigurationPlatforms) = postSolution
		{F6843A4C-C78E-4A71-96B8-E77FAF3AF817}.Debug|Any CPU.ActiveCfg = Debug|Any CPU
		{F6843A4C-C78E-4A71-96B8-E77FAF3AF817}.Debug|Any CPU.Build.0 = Debug|Any CPU
		{F6843A4C-C78E-4A71-96B8-E77FAF3AF817}.Debug|iPhone.ActiveCfg = Debug|Any CPU
		{F6843A4C-C78E-4A71-96B8-E77FAF3AF817}.Debug|iPhone.Build.0 = Debug|Any CPU
		{F6843A4C-C78E-4A71-96B8-E77FAF3AF817}.Debug|iPhoneSimulator.ActiveCfg = Debug|Any CPU
		{F6843A4C-C78E-4A71-96B8-E77FAF3AF817}.Debug|iPhoneSimulator.Build.0 = Debug|Any CPU
		{F6843A4C-C78E-4A71-96B8-E77FAF3AF817}.Release|Any CPU.ActiveCfg = Release|Any CPU
		{F6843A4C-C78E-4A71-96B8-E77FAF3AF817}.Release|Any CPU.Build.0 = Release|Any CPU
		{F6843A4C-C78E-4A71-96B8-E77FAF3AF817}.Release|iPhone.ActiveCfg = Release|Any CPU
		{F6843A4C-C78E-4A71-96B8-E77FAF3AF817}.Release|iPhone.Build.0 = Release|Any CPU
		{F6843A4C-C78E-4A71-96B8-E77FAF3AF817}.Release|iPhoneSimulator.ActiveCfg = Release|Any CPU
		{F6843A4C-C78E-4A71-96B8-E77FAF3AF817}.Release|iPhoneSimulator.Build.0 = Release|Any CPU
		{50CC1366-429B-479A-861D-86B9ABB9FB76}.Debug|Any CPU.ActiveCfg = Debug|Any CPU
		{50CC1366-429B-479A-861D-86B9ABB9FB76}.Debug|Any CPU.Build.0 = Debug|Any CPU
		{50CC1366-429B-479A-861D-86B9ABB9FB76}.Debug|iPhone.ActiveCfg = Debug|Any CPU
		{50CC1366-429B-479A-861D-86B9ABB9FB76}.Debug|iPhone.Build.0 = Debug|Any CPU
		{50CC1366-429B-479A-861D-86B9ABB9FB76}.Debug|iPhoneSimulator.ActiveCfg = Debug|Any CPU
		{50CC1366-429B-479A-861D-86B9ABB9FB76}.Debug|iPhoneSimulator.Build.0 = Debug|Any CPU
		{50CC1366-429B-479A-861D-86B9ABB9FB76}.Release|Any CPU.ActiveCfg = Release|Any CPU
		{50CC1366-429B-479A-861D-86B9ABB9FB76}.Release|Any CPU.Build.0 = Release|Any CPU
		{50CC1366-429B-479A-861D-86B9ABB9FB76}.Release|iPhone.ActiveCfg = Release|Any CPU
		{50CC1366-429B-479A-861D-86B9ABB9FB76}.Release|iPhone.Build.0 = Release|Any CPU
		{50CC1366-429B-479A-861D-86B9ABB9FB76}.Release|iPhoneSimulator.ActiveCfg = Release|Any CPU
		{50CC1366-429B-479A-861D-86B9ABB9FB76}.Release|iPhoneSimulator.Build.0 = Release|Any CPU
		{25D2145D-5F58-4A1C-9A95-0B520DB16068}.Debug|Any CPU.ActiveCfg = Debug|Any CPU
		{25D2145D-5F58-4A1C-9A95-0B520DB16068}.Debug|Any CPU.Build.0 = Debug|Any CPU
		{25D2145D-5F58-4A1C-9A95-0B520DB16068}.Debug|iPhone.ActiveCfg = Debug|Any CPU
		{25D2145D-5F58-4A1C-9A95-0B520DB16068}.Debug|iPhone.Build.0 = Debug|Any CPU
		{25D2145D-5F58-4A1C-9A95-0B520DB16068}.Debug|iPhoneSimulator.ActiveCfg = Debug|Any CPU
		{25D2145D-5F58-4A1C-9A95-0B520DB16068}.Debug|iPhoneSimulator.Build.0 = Debug|Any CPU
		{25D2145D-5F58-4A1C-9A95-0B520DB16068}.Release|Any CPU.ActiveCfg = Release|Any CPU
		{25D2145D-5F58-4A1C-9A95-0B520DB16068}.Release|Any CPU.Build.0 = Release|Any CPU
		{25D2145D-5F58-4A1C-9A95-0B520DB16068}.Release|iPhone.ActiveCfg = Release|Any CPU
		{25D2145D-5F58-4A1C-9A95-0B520DB16068}.Release|iPhone.Build.0 = Release|Any CPU
		{25D2145D-5F58-4A1C-9A95-0B520DB16068}.Release|iPhoneSimulator.ActiveCfg = Release|Any CPU
		{25D2145D-5F58-4A1C-9A95-0B520DB16068}.Release|iPhoneSimulator.Build.0 = Release|Any CPU
		{A8B8A4E7-5D70-4065-8C0A-59075D323817}.Debug|Any CPU.ActiveCfg = Debug|Any CPU
		{A8B8A4E7-5D70-4065-8C0A-59075D323817}.Debug|Any CPU.Build.0 = Debug|Any CPU
		{A8B8A4E7-5D70-4065-8C0A-59075D323817}.Debug|iPhone.ActiveCfg = Debug|Any CPU
		{A8B8A4E7-5D70-4065-8C0A-59075D323817}.Debug|iPhone.Build.0 = Debug|Any CPU
		{A8B8A4E7-5D70-4065-8C0A-59075D323817}.Debug|iPhoneSimulator.ActiveCfg = Debug|Any CPU
		{A8B8A4E7-5D70-4065-8C0A-59075D323817}.Debug|iPhoneSimulator.Build.0 = Debug|Any CPU
		{A8B8A4E7-5D70-4065-8C0A-59075D323817}.Release|Any CPU.ActiveCfg = Release|Any CPU
		{A8B8A4E7-5D70-4065-8C0A-59075D323817}.Release|Any CPU.Build.0 = Release|Any CPU
		{A8B8A4E7-5D70-4065-8C0A-59075D323817}.Release|iPhone.ActiveCfg = Release|Any CPU
		{A8B8A4E7-5D70-4065-8C0A-59075D323817}.Release|iPhone.Build.0 = Release|Any CPU
		{A8B8A4E7-5D70-4065-8C0A-59075D323817}.Release|iPhoneSimulator.ActiveCfg = Release|Any CPU
		{A8B8A4E7-5D70-4065-8C0A-59075D323817}.Release|iPhoneSimulator.Build.0 = Release|Any CPU
		{532C8277-E9F9-4D46-9F38-AFB4A705ED49}.Debug|Any CPU.ActiveCfg = Debug|Any CPU
		{532C8277-E9F9-4D46-9F38-AFB4A705ED49}.Debug|Any CPU.Build.0 = Debug|Any CPU
		{532C8277-E9F9-4D46-9F38-AFB4A705ED49}.Debug|Any CPU.Deploy.0 = Debug|Any CPU
		{532C8277-E9F9-4D46-9F38-AFB4A705ED49}.Debug|iPhone.ActiveCfg = Debug|Any CPU
		{532C8277-E9F9-4D46-9F38-AFB4A705ED49}.Debug|iPhone.Build.0 = Debug|Any CPU
		{532C8277-E9F9-4D46-9F38-AFB4A705ED49}.Debug|iPhone.Deploy.0 = Debug|Any CPU
		{532C8277-E9F9-4D46-9F38-AFB4A705ED49}.Debug|iPhoneSimulator.ActiveCfg = Debug|Any CPU
		{532C8277-E9F9-4D46-9F38-AFB4A705ED49}.Debug|iPhoneSimulator.Build.0 = Debug|Any CPU
		{532C8277-E9F9-4D46-9F38-AFB4A705ED49}.Debug|iPhoneSimulator.Deploy.0 = Debug|Any CPU
		{532C8277-E9F9-4D46-9F38-AFB4A705ED49}.Release|Any CPU.ActiveCfg = Release|Any CPU
		{532C8277-E9F9-4D46-9F38-AFB4A705ED49}.Release|Any CPU.Build.0 = Release|Any CPU
		{532C8277-E9F9-4D46-9F38-AFB4A705ED49}.Release|Any CPU.Deploy.0 = Release|Any CPU
		{532C8277-E9F9-4D46-9F38-AFB4A705ED49}.Release|iPhone.ActiveCfg = Release|Any CPU
		{532C8277-E9F9-4D46-9F38-AFB4A705ED49}.Release|iPhone.Build.0 = Release|Any CPU
		{532C8277-E9F9-4D46-9F38-AFB4A705ED49}.Release|iPhone.Deploy.0 = Release|Any CPU
		{532C8277-E9F9-4D46-9F38-AFB4A705ED49}.Release|iPhoneSimulator.ActiveCfg = Release|Any CPU
		{532C8277-E9F9-4D46-9F38-AFB4A705ED49}.Release|iPhoneSimulator.Build.0 = Release|Any CPU
		{532C8277-E9F9-4D46-9F38-AFB4A705ED49}.Release|iPhoneSimulator.Deploy.0 = Release|Any CPU
		{C106E985-D61F-44BB-BFB6-6DA816D74D3F}.Debug|Any CPU.ActiveCfg = Debug|Any CPU
		{C106E985-D61F-44BB-BFB6-6DA816D74D3F}.Debug|Any CPU.Build.0 = Debug|Any CPU
		{C106E985-D61F-44BB-BFB6-6DA816D74D3F}.Debug|Any CPU.Deploy.0 = Debug|Any CPU
		{C106E985-D61F-44BB-BFB6-6DA816D74D3F}.Debug|iPhone.ActiveCfg = Debug|Any CPU
		{C106E985-D61F-44BB-BFB6-6DA816D74D3F}.Debug|iPhone.Build.0 = Debug|Any CPU
		{C106E985-D61F-44BB-BFB6-6DA816D74D3F}.Debug|iPhone.Deploy.0 = Debug|Any CPU
		{C106E985-D61F-44BB-BFB6-6DA816D74D3F}.Debug|iPhoneSimulator.ActiveCfg = Debug|Any CPU
		{C106E985-D61F-44BB-BFB6-6DA816D74D3F}.Debug|iPhoneSimulator.Build.0 = Debug|Any CPU
		{C106E985-D61F-44BB-BFB6-6DA816D74D3F}.Debug|iPhoneSimulator.Deploy.0 = Debug|Any CPU
		{C106E985-D61F-44BB-BFB6-6DA816D74D3F}.Release|Any CPU.ActiveCfg = Release|Any CPU
		{C106E985-D61F-44BB-BFB6-6DA816D74D3F}.Release|Any CPU.Build.0 = Release|Any CPU
		{C106E985-D61F-44BB-BFB6-6DA816D74D3F}.Release|Any CPU.Deploy.0 = Release|Any CPU
		{C106E985-D61F-44BB-BFB6-6DA816D74D3F}.Release|iPhone.ActiveCfg = Release|Any CPU
		{C106E985-D61F-44BB-BFB6-6DA816D74D3F}.Release|iPhone.Build.0 = Release|Any CPU
		{C106E985-D61F-44BB-BFB6-6DA816D74D3F}.Release|iPhone.Deploy.0 = Release|Any CPU
		{C106E985-D61F-44BB-BFB6-6DA816D74D3F}.Release|iPhoneSimulator.ActiveCfg = Release|Any CPU
		{C106E985-D61F-44BB-BFB6-6DA816D74D3F}.Release|iPhoneSimulator.Build.0 = Release|Any CPU
		{C106E985-D61F-44BB-BFB6-6DA816D74D3F}.Release|iPhoneSimulator.Deploy.0 = Release|Any CPU
		{53A9BF5F-24DA-4E54-9DB5-805D1EA260BB}.Debug|Any CPU.ActiveCfg = Debug|iPhone
		{53A9BF5F-24DA-4E54-9DB5-805D1EA260BB}.Debug|iPhone.ActiveCfg = Debug|iPhone
		{53A9BF5F-24DA-4E54-9DB5-805D1EA260BB}.Debug|iPhone.Build.0 = Debug|iPhone
		{53A9BF5F-24DA-4E54-9DB5-805D1EA260BB}.Debug|iPhoneSimulator.ActiveCfg = Debug|iPhoneSimulator
		{53A9BF5F-24DA-4E54-9DB5-805D1EA260BB}.Debug|iPhoneSimulator.Build.0 = Debug|iPhoneSimulator
		{53A9BF5F-24DA-4E54-9DB5-805D1EA260BB}.Release|Any CPU.ActiveCfg = Release|iPhone
		{53A9BF5F-24DA-4E54-9DB5-805D1EA260BB}.Release|iPhone.ActiveCfg = Release|iPhone
		{53A9BF5F-24DA-4E54-9DB5-805D1EA260BB}.Release|iPhone.Build.0 = Release|iPhone
		{53A9BF5F-24DA-4E54-9DB5-805D1EA260BB}.Release|iPhoneSimulator.ActiveCfg = Release|iPhoneSimulator
		{53A9BF5F-24DA-4E54-9DB5-805D1EA260BB}.Release|iPhoneSimulator.Build.0 = Release|iPhoneSimulator
		{7713986D-8374-4985-8BDA-516D59B939F5}.Debug|Any CPU.ActiveCfg = Debug|Any CPU
		{7713986D-8374-4985-8BDA-516D59B939F5}.Debug|Any CPU.Build.0 = Debug|Any CPU
		{7713986D-8374-4985-8BDA-516D59B939F5}.Debug|iPhone.ActiveCfg = Debug|Any CPU
		{7713986D-8374-4985-8BDA-516D59B939F5}.Debug|iPhone.Build.0 = Debug|Any CPU
		{7713986D-8374-4985-8BDA-516D59B939F5}.Debug|iPhoneSimulator.ActiveCfg = Debug|Any CPU
		{7713986D-8374-4985-8BDA-516D59B939F5}.Debug|iPhoneSimulator.Build.0 = Debug|Any CPU
		{7713986D-8374-4985-8BDA-516D59B939F5}.Release|Any CPU.ActiveCfg = Release|Any CPU
		{7713986D-8374-4985-8BDA-516D59B939F5}.Release|Any CPU.Build.0 = Release|Any CPU
		{7713986D-8374-4985-8BDA-516D59B939F5}.Release|iPhone.ActiveCfg = Release|Any CPU
		{7713986D-8374-4985-8BDA-516D59B939F5}.Release|iPhone.Build.0 = Release|Any CPU
		{7713986D-8374-4985-8BDA-516D59B939F5}.Release|iPhoneSimulator.ActiveCfg = Release|Any CPU
		{7713986D-8374-4985-8BDA-516D59B939F5}.Release|iPhoneSimulator.Build.0 = Release|Any CPU
	EndGlobalSection
	GlobalSection(SolutionProperties) = preSolution
		HideSolutionNode = FALSE
	EndGlobalSection
	GlobalSection(NestedProjects) = preSolution
		{F6843A4C-C78E-4A71-96B8-E77FAF3AF817} = {BA182354-2F3F-4EAE-8F20-2E32EE13B41D}
		{50CC1366-429B-479A-861D-86B9ABB9FB76} = {BA182354-2F3F-4EAE-8F20-2E32EE13B41D}
		{25D2145D-5F58-4A1C-9A95-0B520DB16068} = {BA182354-2F3F-4EAE-8F20-2E32EE13B41D}
		{A8B8A4E7-5D70-4065-8C0A-59075D323817} = {BA182354-2F3F-4EAE-8F20-2E32EE13B41D}
	EndGlobalSection
	GlobalSection(ExtensibilityGlobals) = postSolution
		SolutionGuid = {290075F3-9FB4-46FD-9151-F9123FC9D5A9}
	EndGlobalSection
EndGlobal
