
Microsoft Visual Studio Solution File, Format Version 12.00
# Visual Studio 15
Project("{FAE04EC0-301F-11D3-BF4B-00C04F79EFBC}") = "Square.OkHttp.WS", "Square.OkHttp.WS\Square.OkHttp.WS.csproj", "{A0D51C46-AFEB-4E40-8E74-DF4F1FC140BB}"
EndProject
Global
	GlobalSection(SolutionConfigurationPlatforms) = preSolution
		Debug|Any CPU = Debug|Any CPU
		Release|Any CPU = Release|Any CPU
	EndGlobalSection
	GlobalSection(ProjectConfigurationPlatforms) = postSolution
		{A0D51C46-AFEB-4E40-8E74-DF4F1FC140BB}.Debug|Any CPU.ActiveCfg = Debug|Any CPU
		{A0D51C46-AFEB-4E40-8E74-DF4F1FC140BB}.Debug|Any CPU.Build.0 = Debug|Any CPU
		{A0D51C46-AFEB-4E40-8E74-DF4F1FC140BB}.Release|Any CPU.ActiveCfg = Release|Any CPU
		{A0D51C46-AFEB-4E40-8E74-DF4F1FC140BB}.Release|Any CPU.Build.0 = Release|Any CPU
	EndGlobalSection
EndGlobal
