
Microsoft Visual Studio Solution File, Format Version 12.00
# Visual Studio 2012
Project("{FAE04EC0-301F-11D3-BF4B-00C04F79EFBC}") = "Xamarin.Dropbox.Api.Core", "..\..\source\Xamarin.Dropbox.Api.Core\Xamarin.Dropbox.Api.Core.csproj", "{3EAF4BF8-A8FE-4ED2-9A24-0D2DF64D4735}"
EndProject
Project("{FAE04EC0-301F-11D3-BF4B-00C04F79EFBC}") = "DropboxV2ApiSampleiOS", "DropboxV2ApiSampleiOS.csproj", "{05BB2796-BA71-41E7-B3B1-BFF2AA6ED637}"
EndProject
Project("{FAE04EC0-301F-11D3-BF4B-00C04F79EFBC}") = "Xamarin.Dropbox.Api.iOS", "..\..\source\Xamarin.Dropbox.Api.iOS\Xamarin.Dropbox.Api.iOS.csproj", "{6C21F6F9-4928-4DC6-8F26-1827CE11CE62}"
EndProject
Global
	GlobalSection(SolutionConfigurationPlatforms) = preSolution
		Debug|Any CPU = Debug|Any CPU
		Release|Any CPU = Release|Any CPU
		Debug|iPhoneSimulator = Debug|iPhoneSimulator
		Release|iPhone = Release|iPhone
		Release|iPhoneSimulator = Release|iPhoneSimulator
		Debug|iPhone = Debug|iPhone
	EndGlobalSection
	GlobalSection(ProjectConfigurationPlatforms) = postSolution
		{3EAF4BF8-A8FE-4ED2-9A24-0D2DF64D4735}.Debug|Any CPU.ActiveCfg = Debug|Any CPU
		{3EAF4BF8-A8FE-4ED2-9A24-0D2DF64D4735}.Debug|Any CPU.Build.0 = Debug|Any CPU
		{3EAF4BF8-A8FE-4ED2-9A24-0D2DF64D4735}.Release|Any CPU.ActiveCfg = Release|Any CPU
		{3EAF4BF8-A8FE-4ED2-9A24-0D2DF64D4735}.Release|Any CPU.Build.0 = Release|Any CPU
		{3EAF4BF8-A8FE-4ED2-9A24-0D2DF64D4735}.Debug|iPhoneSimulator.ActiveCfg = Debug|Any CPU
		{3EAF4BF8-A8FE-4ED2-9A24-0D2DF64D4735}.Debug|iPhoneSimulator.Build.0 = Debug|Any CPU
		{3EAF4BF8-A8FE-4ED2-9A24-0D2DF64D4735}.Release|iPhone.ActiveCfg = Release|Any CPU
		{3EAF4BF8-A8FE-4ED2-9A24-0D2DF64D4735}.Release|iPhone.Build.0 = Release|Any CPU
		{3EAF4BF8-A8FE-4ED2-9A24-0D2DF64D4735}.Release|iPhoneSimulator.ActiveCfg = Release|Any CPU
		{3EAF4BF8-A8FE-4ED2-9A24-0D2DF64D4735}.Release|iPhoneSimulator.Build.0 = Release|Any CPU
		{3EAF4BF8-A8FE-4ED2-9A24-0D2DF64D4735}.Debug|iPhone.ActiveCfg = Debug|Any CPU
		{3EAF4BF8-A8FE-4ED2-9A24-0D2DF64D4735}.Debug|iPhone.Build.0 = Debug|Any CPU
		{05BB2796-BA71-41E7-B3B1-BFF2AA6ED637}.Debug|Any CPU.ActiveCfg = Debug|iPhoneSimulator
		{05BB2796-BA71-41E7-B3B1-BFF2AA6ED637}.Debug|Any CPU.Build.0 = Debug|iPhoneSimulator
		{05BB2796-BA71-41E7-B3B1-BFF2AA6ED637}.Release|Any CPU.ActiveCfg = Release|iPhone
		{05BB2796-BA71-41E7-B3B1-BFF2AA6ED637}.Release|Any CPU.Build.0 = Release|iPhone
		{05BB2796-BA71-41E7-B3B1-BFF2AA6ED637}.Debug|iPhoneSimulator.ActiveCfg = Debug|iPhoneSimulator
		{05BB2796-BA71-41E7-B3B1-BFF2AA6ED637}.Debug|iPhoneSimulator.Build.0 = Debug|iPhoneSimulator
		{05BB2796-BA71-41E7-B3B1-BFF2AA6ED637}.Release|iPhone.ActiveCfg = Release|iPhone
		{05BB2796-BA71-41E7-B3B1-BFF2AA6ED637}.Release|iPhone.Build.0 = Release|iPhone
		{05BB2796-BA71-41E7-B3B1-BFF2AA6ED637}.Release|iPhoneSimulator.ActiveCfg = Release|iPhoneSimulator
		{05BB2796-BA71-41E7-B3B1-BFF2AA6ED637}.Release|iPhoneSimulator.Build.0 = Release|iPhoneSimulator
		{05BB2796-BA71-41E7-B3B1-BFF2AA6ED637}.Debug|iPhone.ActiveCfg = Debug|iPhone
		{05BB2796-BA71-41E7-B3B1-BFF2AA6ED637}.Debug|iPhone.Build.0 = Debug|iPhone
		{6C21F6F9-4928-4DC6-8F26-1827CE11CE62}.Debug|Any CPU.ActiveCfg = Debug|Any CPU
		{6C21F6F9-4928-4DC6-8F26-1827CE11CE62}.Debug|Any CPU.Build.0 = Debug|Any CPU
		{6C21F6F9-4928-4DC6-8F26-1827CE11CE62}.Release|Any CPU.ActiveCfg = Release|Any CPU
		{6C21F6F9-4928-4DC6-8F26-1827CE11CE62}.Release|Any CPU.Build.0 = Release|Any CPU
		{6C21F6F9-4928-4DC6-8F26-1827CE11CE62}.Debug|iPhoneSimulator.ActiveCfg = Debug|Any CPU
		{6C21F6F9-4928-4DC6-8F26-1827CE11CE62}.Debug|iPhoneSimulator.Build.0 = Debug|Any CPU
		{6C21F6F9-4928-4DC6-8F26-1827CE11CE62}.Release|iPhone.ActiveCfg = Release|Any CPU
		{6C21F6F9-4928-4DC6-8F26-1827CE11CE62}.Release|iPhone.Build.0 = Release|Any CPU
		{6C21F6F9-4928-4DC6-8F26-1827CE11CE62}.Release|iPhoneSimulator.ActiveCfg = Release|Any CPU
		{6C21F6F9-4928-4DC6-8F26-1827CE11CE62}.Release|iPhoneSimulator.Build.0 = Release|Any CPU
		{6C21F6F9-4928-4DC6-8F26-1827CE11CE62}.Debug|iPhone.ActiveCfg = Debug|Any CPU
		{6C21F6F9-4928-4DC6-8F26-1827CE11CE62}.Debug|iPhone.Build.0 = Debug|Any CPU
	EndGlobalSection
EndGlobal
