Microsoft Visual Studio Solution File, Format Version 12.00
# Visual Studio 15
VisualStudioVersion = 15.0.28307.572
MinimumVisualStudioVersion = 10.0.40219.1
Project("{9A19103F-16F7-4668-BE54-9A1E7A4F7556}") = "ThreeTenAbp", "source\ThreeTenAbp\ThreeTenAbp.csproj", "{26DE0C03-4C49-4C6E-8140-BBDF84924CB2}"
EndProject
Global
	GlobalSection(SolutionConfigurationPlatforms) = preSolution
		Debug|Any CPU = Debug|Any CPU
		Release|Any CPU = Release|Any CPU
	EndGlobalSection
	GlobalSection(ProjectConfigurationPlatforms) = postSolution
		{26DE0C03-4C49-4C6E-8140-BBDF84924CB2}.Debug|Any CPU.ActiveCfg = Debug|Any CPU
		{26DE0C03-4C49-4C6E-8140-BBDF84924CB2}.Debug|Any CPU.Build.0 = Debug|Any CPU
		{26DE0C03-4C49-4C6E-8140-BBDF84924CB2}.Release|Any CPU.ActiveCfg = Release|Any CPU
		{26DE0C03-4C49-4C6E-8140-BBDF84924CB2}.Release|Any CPU.Build.0 = Release|Any CPU
	EndGlobalSection
	GlobalSection(SolutionProperties) = preSolution
		HideSolutionNode = FALSE
	EndGlobalSection
	GlobalSection(ExtensibilityGlobals) = postSolution
		SolutionGuid = {D60B605B-08C5-49C0-B033-114F55D9B3E5}
	EndGlobalSection
EndGlobal
