
Microsoft Visual Studio Solution File, Format Version 12.00
# Visual Studio 2012
VisualStudioVersion = 14.0.24720.0
MinimumVisualStudioVersion = 10.0.40219.1
Project("{D954291E-2A0B-460D-934E-DC6B0785DB48}") = "Mono.DataConverter.Shared", "Mono.DataConverter.Shared\Mono.DataConverter.Shared.shproj", "{5A73235E-2C2F-4D2F-AB39-69566F04578D}"
EndProject
Project("{FAE04EC0-301F-11D3-BF4B-00C04F79EFBC}") = "Mono.DataConverter.NetStandard", "Mono.DataConverter.NetStandard\Mono.DataConverter.NetStandard.csproj", "{72719800-B9CD-4BC1-A9DF-FB4C5E6F0EE7}"
EndProject
Global
	GlobalSection(SolutionConfigurationPlatforms) = preSolution
		Debug|Any CPU = Debug|Any CPU
		Release|Any CPU = Release|Any CPU
	EndGlobalSection
	GlobalSection(ProjectConfigurationPlatforms) = postSolution
		{72719800-B9CD-4BC1-A9DF-FB4C5E6F0EE7}.Debug|Any CPU.ActiveCfg = Debug|Any CPU
		{72719800-B9CD-4BC1-A9DF-FB4C5E6F0EE7}.Debug|Any CPU.Build.0 = Debug|Any CPU
		{72719800-B9CD-4BC1-A9DF-FB4C5E6F0EE7}.Release|Any CPU.ActiveCfg = Release|Any CPU
		{72719800-B9CD-4BC1-A9DF-FB4C5E6F0EE7}.Release|Any CPU.Build.0 = Release|Any CPU
	EndGlobalSection
EndGlobal
