
Microsoft Visual Studio Solution File, Format Version 11.00
# Visual Studio 2010
Project("{FAE04EC0-301F-11D3-BF4B-00C04F79EFBC}") = "SDWebImageMTDialogSample", "SDWebImageMTDialogSample\SDWebImageMTDialogSample.csproj", "{18D564E0-83E2-4A4B-BDA0-BF2E614A1F41}"
EndProject
Project("{FAE04EC0-301F-11D3-BF4B-00C04F79EFBC}") = "SDWebImage", "..\..\source\SDWebImage\SDWebImage.csproj", "{4AFC5109-3DE9-4EB0-BF77-0FB3FC8BDB71}"
EndProject
Global
	GlobalSection(SolutionConfigurationPlatforms) = preSolution
		Debug|iPhoneSimulator = Debug|iPhoneSimulator
		Release|iPhoneSimulator = Release|iPhoneSimulator
		Debug|iPhone = Debug|iPhone
		Release|iPhone = Release|iPhone
		Ad-Hoc|iPhone = Ad-Hoc|iPhone
		AppStore|iPhone = AppStore|iPhone
	EndGlobalSection
	GlobalSection(ProjectConfigurationPlatforms) = postSolution
		{18D564E0-83E2-4A4B-BDA0-BF2E614A1F41}.Ad-Hoc|iPhone.ActiveCfg = Ad-Hoc|iPhone
		{18D564E0-83E2-4A4B-BDA0-BF2E614A1F41}.Ad-Hoc|iPhone.Build.0 = Ad-Hoc|iPhone
		{18D564E0-83E2-4A4B-BDA0-BF2E614A1F41}.AppStore|iPhone.ActiveCfg = AppStore|iPhone
		{18D564E0-83E2-4A4B-BDA0-BF2E614A1F41}.AppStore|iPhone.Build.0 = AppStore|iPhone
		{18D564E0-83E2-4A4B-BDA0-BF2E614A1F41}.Debug|iPhone.ActiveCfg = Debug|iPhone
		{18D564E0-83E2-4A4B-BDA0-BF2E614A1F41}.Debug|iPhone.Build.0 = Debug|iPhone
		{18D564E0-83E2-4A4B-BDA0-BF2E614A1F41}.Debug|iPhoneSimulator.ActiveCfg = Debug|iPhoneSimulator
		{18D564E0-83E2-4A4B-BDA0-BF2E614A1F41}.Debug|iPhoneSimulator.Build.0 = Debug|iPhoneSimulator
		{18D564E0-83E2-4A4B-BDA0-BF2E614A1F41}.Release|iPhone.ActiveCfg = Release|iPhone
		{18D564E0-83E2-4A4B-BDA0-BF2E614A1F41}.Release|iPhone.Build.0 = Release|iPhone
		{18D564E0-83E2-4A4B-BDA0-BF2E614A1F41}.Release|iPhoneSimulator.ActiveCfg = Release|iPhoneSimulator
		{18D564E0-83E2-4A4B-BDA0-BF2E614A1F41}.Release|iPhoneSimulator.Build.0 = Release|iPhoneSimulator
		{4AFC5109-3DE9-4EB0-BF77-0FB3FC8BDB71}.Ad-Hoc|iPhone.ActiveCfg = Release|Any CPU
		{4AFC5109-3DE9-4EB0-BF77-0FB3FC8BDB71}.Ad-Hoc|iPhone.Build.0 = Release|Any CPU
		{4AFC5109-3DE9-4EB0-BF77-0FB3FC8BDB71}.AppStore|iPhone.ActiveCfg = Release|Any CPU
		{4AFC5109-3DE9-4EB0-BF77-0FB3FC8BDB71}.AppStore|iPhone.Build.0 = Release|Any CPU
		{4AFC5109-3DE9-4EB0-BF77-0FB3FC8BDB71}.Debug|iPhone.ActiveCfg = Debug|Any CPU
		{4AFC5109-3DE9-4EB0-BF77-0FB3FC8BDB71}.Debug|iPhone.Build.0 = Debug|Any CPU
		{4AFC5109-3DE9-4EB0-BF77-0FB3FC8BDB71}.Debug|iPhoneSimulator.ActiveCfg = Debug|Any CPU
		{4AFC5109-3DE9-4EB0-BF77-0FB3FC8BDB71}.Debug|iPhoneSimulator.Build.0 = Debug|Any CPU
		{4AFC5109-3DE9-4EB0-BF77-0FB3FC8BDB71}.Release|iPhone.ActiveCfg = Release|Any CPU
		{4AFC5109-3DE9-4EB0-BF77-0FB3FC8BDB71}.Release|iPhone.Build.0 = Release|Any CPU
		{4AFC5109-3DE9-4EB0-BF77-0FB3FC8BDB71}.Release|iPhoneSimulator.ActiveCfg = Release|Any CPU
		{4AFC5109-3DE9-4EB0-BF77-0FB3FC8BDB71}.Release|iPhoneSimulator.Build.0 = Release|Any CPU
	EndGlobalSection
EndGlobal
