
Microsoft Visual Studio Solution File, Format Version 12.00
# Visual Studio 15
Project("{FAE04EC0-301F-11D3-BF4B-00C04F79EFBC}") = "HelloSceneForm", "HelloSceneForm\HelloSceneForm.csproj", "{D2961DCD-7D34-4384-B4F4-C2EA480B96D5}"
EndProject
Project("{FAE04EC0-301F-11D3-BF4B-00C04F79EFBC}") = "Animation", "..\source\Animation\Animation.csproj", "{021F2090-2D5F-4066-A3CC-104769418397}"
EndProject
Project("{FAE04EC0-301F-11D3-BF4B-00C04F79EFBC}") = "Assets", "..\source\Assets\Assets.csproj", "{F8EC1E62-5D44-4DB8-BA1E-8A59E036A239}"
EndProject
Project("{FAE04EC0-301F-11D3-BF4B-00C04F79EFBC}") = "Base", "..\source\Base\Base.csproj", "{95DC2A93-4000-4131-B3BF-F1D251DC3707}"
EndProject
Project("{FAE04EC0-301F-11D3-BF4B-00C04F79EFBC}") = "Core", "..\source\Core\Core.csproj", "{078DD4B3-E876-4787-B2C7-A15FBFEB6A40}"
EndProject
Project("{FAE04EC0-301F-11D3-BF4B-00C04F79EFBC}") = "Filament", "..\source\Filament\Filament.csproj", "{E1CC4DD6-C5AC-4D9B-A567-B818F80829CB}"
EndProject
Project("{FAE04EC0-301F-11D3-BF4B-00C04F79EFBC}") = "Rendering", "..\source\Rendering\Rendering.csproj", "{B60915B6-78B9-4676-9685-9CF9FFB98319}"
EndProject
Project("{FAE04EC0-301F-11D3-BF4B-00C04F79EFBC}") = "UX", "..\source\UX\UX.csproj", "{D645B4FE-10D7-49A8-BCBC-0ABBACABAB2C}"
EndProject
Project("{2150E333-8FDC-42A3-9474-1A3956D46DE8}") = "Source", "Source", "{AE7DF79D-6BAA-43FE-898A-134CB3C9157B}"
EndProject
Global
	GlobalSection(SolutionConfigurationPlatforms) = preSolution
		Debug|Any CPU = Debug|Any CPU
		Release|Any CPU = Release|Any CPU
	EndGlobalSection
	GlobalSection(ProjectConfigurationPlatforms) = postSolution
		{2F107DE6-A5AE-4016-8C67-E94E7074E5AA}.Debug|Any CPU.ActiveCfg = Debug|Any CPU
		{2F107DE6-A5AE-4016-8C67-E94E7074E5AA}.Debug|Any CPU.Build.0 = Debug|Any CPU
		{2F107DE6-A5AE-4016-8C67-E94E7074E5AA}.Release|Any CPU.ActiveCfg = Release|Any CPU
		{2F107DE6-A5AE-4016-8C67-E94E7074E5AA}.Release|Any CPU.Build.0 = Release|Any CPU
		{D2961DCD-7D34-4384-B4F4-C2EA480B96D5}.Debug|Any CPU.ActiveCfg = Debug|Any CPU
		{D2961DCD-7D34-4384-B4F4-C2EA480B96D5}.Debug|Any CPU.Build.0 = Debug|Any CPU
		{D2961DCD-7D34-4384-B4F4-C2EA480B96D5}.Release|Any CPU.ActiveCfg = Release|Any CPU
		{D2961DCD-7D34-4384-B4F4-C2EA480B96D5}.Release|Any CPU.Build.0 = Release|Any CPU
		{021F2090-2D5F-4066-A3CC-104769418397}.Debug|Any CPU.ActiveCfg = Debug|Any CPU
		{021F2090-2D5F-4066-A3CC-104769418397}.Debug|Any CPU.Build.0 = Debug|Any CPU
		{021F2090-2D5F-4066-A3CC-104769418397}.Release|Any CPU.ActiveCfg = Release|Any CPU
		{021F2090-2D5F-4066-A3CC-104769418397}.Release|Any CPU.Build.0 = Release|Any CPU
		{F8EC1E62-5D44-4DB8-BA1E-8A59E036A239}.Debug|Any CPU.ActiveCfg = Debug|Any CPU
		{F8EC1E62-5D44-4DB8-BA1E-8A59E036A239}.Debug|Any CPU.Build.0 = Debug|Any CPU
		{F8EC1E62-5D44-4DB8-BA1E-8A59E036A239}.Release|Any CPU.ActiveCfg = Release|Any CPU
		{F8EC1E62-5D44-4DB8-BA1E-8A59E036A239}.Release|Any CPU.Build.0 = Release|Any CPU
		{95DC2A93-4000-4131-B3BF-F1D251DC3707}.Debug|Any CPU.ActiveCfg = Debug|Any CPU
		{95DC2A93-4000-4131-B3BF-F1D251DC3707}.Debug|Any CPU.Build.0 = Debug|Any CPU
		{95DC2A93-4000-4131-B3BF-F1D251DC3707}.Release|Any CPU.ActiveCfg = Release|Any CPU
		{95DC2A93-4000-4131-B3BF-F1D251DC3707}.Release|Any CPU.Build.0 = Release|Any CPU
		{078DD4B3-E876-4787-B2C7-A15FBFEB6A40}.Debug|Any CPU.ActiveCfg = Debug|Any CPU
		{078DD4B3-E876-4787-B2C7-A15FBFEB6A40}.Debug|Any CPU.Build.0 = Debug|Any CPU
		{078DD4B3-E876-4787-B2C7-A15FBFEB6A40}.Release|Any CPU.ActiveCfg = Release|Any CPU
		{078DD4B3-E876-4787-B2C7-A15FBFEB6A40}.Release|Any CPU.Build.0 = Release|Any CPU
		{E1CC4DD6-C5AC-4D9B-A567-B818F80829CB}.Debug|Any CPU.ActiveCfg = Debug|Any CPU
		{E1CC4DD6-C5AC-4D9B-A567-B818F80829CB}.Debug|Any CPU.Build.0 = Debug|Any CPU
		{E1CC4DD6-C5AC-4D9B-A567-B818F80829CB}.Release|Any CPU.ActiveCfg = Release|Any CPU
		{E1CC4DD6-C5AC-4D9B-A567-B818F80829CB}.Release|Any CPU.Build.0 = Release|Any CPU
		{B60915B6-78B9-4676-9685-9CF9FFB98319}.Debug|Any CPU.ActiveCfg = Debug|Any CPU
		{B60915B6-78B9-4676-9685-9CF9FFB98319}.Debug|Any CPU.Build.0 = Debug|Any CPU
		{B60915B6-78B9-4676-9685-9CF9FFB98319}.Release|Any CPU.ActiveCfg = Release|Any CPU
		{B60915B6-78B9-4676-9685-9CF9FFB98319}.Release|Any CPU.Build.0 = Release|Any CPU
		{D645B4FE-10D7-49A8-BCBC-0ABBACABAB2C}.Debug|Any CPU.ActiveCfg = Debug|Any CPU
		{D645B4FE-10D7-49A8-BCBC-0ABBACABAB2C}.Debug|Any CPU.Build.0 = Debug|Any CPU
		{D645B4FE-10D7-49A8-BCBC-0ABBACABAB2C}.Release|Any CPU.ActiveCfg = Release|Any CPU
		{D645B4FE-10D7-49A8-BCBC-0ABBACABAB2C}.Release|Any CPU.Build.0 = Release|Any CPU
	EndGlobalSection
	GlobalSection(NestedProjects) = preSolution
		{021F2090-2D5F-4066-A3CC-104769418397} = {AE7DF79D-6BAA-43FE-898A-134CB3C9157B}
		{F8EC1E62-5D44-4DB8-BA1E-8A59E036A239} = {AE7DF79D-6BAA-43FE-898A-134CB3C9157B}
		{95DC2A93-4000-4131-B3BF-F1D251DC3707} = {AE7DF79D-6BAA-43FE-898A-134CB3C9157B}
		{078DD4B3-E876-4787-B2C7-A15FBFEB6A40} = {AE7DF79D-6BAA-43FE-898A-134CB3C9157B}
		{E1CC4DD6-C5AC-4D9B-A567-B818F80829CB} = {AE7DF79D-6BAA-43FE-898A-134CB3C9157B}
		{B60915B6-78B9-4676-9685-9CF9FFB98319} = {AE7DF79D-6BAA-43FE-898A-134CB3C9157B}
		{D645B4FE-10D7-49A8-BCBC-0ABBACABAB2C} = {AE7DF79D-6BAA-43FE-898A-134CB3C9157B}
	EndGlobalSection
EndGlobal
