Microsoft Visual Studio Solution File, Format Version 12.00
# Visual Studio Version 16
VisualStudioVersion = 16.0.29123.88
MinimumVisualStudioVersion = 10.0.40219.1
Project("{9A19103F-16F7-4668-BE54-9A1E7A4F7556}") = "Xamarin.AndroidBinderator", "Xamarin.AndroidBinderator\Xamarin.AndroidBinderator.csproj", "{4597ABC5-50A7-43EA-BD73-75BDC2C5C0E2}"
EndProject
Project("{9A19103F-16F7-4668-BE54-9A1E7A4F7556}") = "Xamarin.AndroidBinderator.Tool", "Xamarin.AndroidBinderator.Tool\Xamarin.AndroidBinderator.Tool.csproj", "{48B6FD40-832B-4898-B80F-9268C0580360}"
EndProject
Project("{9A19103F-16F7-4668-BE54-9A1E7A4F7556}") = "Xamarin.AndroidBinderator.Tests", "Xamarin.AndroidBinderator.Tests\Xamarin.AndroidBinderator.Tests.csproj", "{9EE243F6-4538-4AC9-8C15-945D504D34A6}"
EndProject
Project("{FAE04EC0-301F-11D3-BF4B-00C04F79EFBC}") = "Xamarin.AndroidBinderator.Common", "Xamarin.AndroidBinderator.Common\Xamarin.AndroidBinderator.Common.csproj", "{B05E50B1-0F36-4D08-A35B-32C28070F2D7}"
EndProject
Global
	GlobalSection(SolutionConfigurationPlatforms) = preSolution
		Debug|Any CPU = Debug|Any CPU
		Release|Any CPU = Release|Any CPU
	EndGlobalSection
	GlobalSection(ProjectConfigurationPlatforms) = postSolution
		{4597ABC5-50A7-43EA-BD73-75BDC2C5C0E2}.Debug|Any CPU.ActiveCfg = Debug|Any CPU
		{4597ABC5-50A7-43EA-BD73-75BDC2C5C0E2}.Debug|Any CPU.Build.0 = Debug|Any CPU
		{4597ABC5-50A7-43EA-BD73-75BDC2C5C0E2}.Release|Any CPU.ActiveCfg = Release|Any CPU
		{4597ABC5-50A7-43EA-BD73-75BDC2C5C0E2}.Release|Any CPU.Build.0 = Release|Any CPU
		{48B6FD40-832B-4898-B80F-9268C0580360}.Debug|Any CPU.ActiveCfg = Debug|Any CPU
		{48B6FD40-832B-4898-B80F-9268C0580360}.Debug|Any CPU.Build.0 = Debug|Any CPU
		{48B6FD40-832B-4898-B80F-9268C0580360}.Release|Any CPU.ActiveCfg = Release|Any CPU
		{48B6FD40-832B-4898-B80F-9268C0580360}.Release|Any CPU.Build.0 = Release|Any CPU
		{9EE243F6-4538-4AC9-8C15-945D504D34A6}.Debug|Any CPU.ActiveCfg = Debug|Any CPU
		{9EE243F6-4538-4AC9-8C15-945D504D34A6}.Debug|Any CPU.Build.0 = Debug|Any CPU
		{9EE243F6-4538-4AC9-8C15-945D504D34A6}.Release|Any CPU.ActiveCfg = Release|Any CPU
		{9EE243F6-4538-4AC9-8C15-945D504D34A6}.Release|Any CPU.Build.0 = Release|Any CPU
		{B05E50B1-0F36-4D08-A35B-32C28070F2D7}.Debug|Any CPU.ActiveCfg = Debug|Any CPU
		{B05E50B1-0F36-4D08-A35B-32C28070F2D7}.Debug|Any CPU.Build.0 = Debug|Any CPU
		{B05E50B1-0F36-4D08-A35B-32C28070F2D7}.Release|Any CPU.ActiveCfg = Release|Any CPU
		{B05E50B1-0F36-4D08-A35B-32C28070F2D7}.Release|Any CPU.Build.0 = Release|Any CPU
	EndGlobalSection
	GlobalSection(SolutionProperties) = preSolution
		HideSolutionNode = FALSE
	EndGlobalSection
	GlobalSection(ExtensibilityGlobals) = postSolution
		SolutionGuid = {65173C68-BDB4-4F9B-9247-3A57C79AC5B2}
	EndGlobalSection
EndGlobal
