
Microsoft Visual Studio Solution File, Format Version 12.00
# Visual Studio 2012
Project("{FAE04EC0-301F-11D3-BF4B-00C04F79EFBC}") = "Mono.Terminal", "Mono.Terminal\Mono.Terminal.csproj", "{8C6C2D7B-8988-43F5-B7AE-E066CAE9DFED}"
EndProject
Project("{D954291E-2A0B-460D-934E-DC6B0785DB48}") = "Mono.Terminal.Shared", "Mono.Terminal.Shared\Mono.Terminal.Shared.shproj", "{2B04C8C1-6544-4D64-8358-5E688E666976}"
EndProject
Global
	GlobalSection(SolutionConfigurationPlatforms) = preSolution
		Debug|Any CPU = Debug|Any CPU
		Release|Any CPU = Release|Any CPU
	EndGlobalSection
	GlobalSection(ProjectConfigurationPlatforms) = postSolution
		{8C6C2D7B-8988-43F5-B7AE-E066CAE9DFED}.Debug|Any CPU.ActiveCfg = Debug|Any CPU
		{8C6C2D7B-8988-43F5-B7AE-E066CAE9DFED}.Debug|Any CPU.Build.0 = Debug|Any CPU
		{8C6C2D7B-8988-43F5-B7AE-E066CAE9DFED}.Release|Any CPU.ActiveCfg = Release|Any CPU
		{8C6C2D7B-8988-43F5-B7AE-E066CAE9DFED}.Release|Any CPU.Build.0 = Release|Any CPU
	EndGlobalSection
EndGlobal
