
Microsoft Visual Studio Solution File, Format Version 12.00
# Visual Studio 15
VisualStudioVersion = 15.0.27004.2009
MinimumVisualStudioVersion = 10.0.40219.1
Project("{FAE04EC0-301F-11D3-BF4B-00C04F79EFBC}") = "Xamarin.Google.Android.DataTransport.TransportBackendCct", "TransportBackendCct\Xamarin.Google.Android.DataTransport.TransportBackendCct.csproj", "{E8489814-61D0-4D5F-92F2-552F8E6FFB64}"
EndProject
Project("{FAE04EC0-301F-11D3-BF4B-00C04F79EFBC}") = "Xamarin.Google.Android.DataTransport.TransportRuntime", "TransportRuntime\Xamarin.Google.Android.DataTransport.TransportRuntime.csproj", "{0BAD8458-5A2D-49F9-A224-4F167797F6EA}"
EndProject
Project("{FAE04EC0-301F-11D3-BF4B-00C04F79EFBC}") = "Xamarin.Google.Android.DataTransport.TransportApi", "TransportApi\Xamarin.Google.Android.DataTransport.TransportApi.csproj", "{0B5E980B-2675-4303-BBB2-5FCAD7C4E774}"
EndProject
Global
	GlobalSection(SolutionConfigurationPlatforms) = preSolution
		Debug|Any CPU = Debug|Any CPU
		Release|Any CPU = Release|Any CPU
	EndGlobalSection
	GlobalSection(ProjectConfigurationPlatforms) = postSolution
		{E8489814-61D0-4D5F-92F2-552F8E6FFB64}.Debug|Any CPU.ActiveCfg = Debug|Any CPU
		{E8489814-61D0-4D5F-92F2-552F8E6FFB64}.Debug|Any CPU.Build.0 = Debug|Any CPU
		{E8489814-61D0-4D5F-92F2-552F8E6FFB64}.Release|Any CPU.ActiveCfg = Release|Any CPU
		{E8489814-61D0-4D5F-92F2-552F8E6FFB64}.Release|Any CPU.Build.0 = Release|Any CPU
		{0BAD8458-5A2D-49F9-A224-4F167797F6EA}.Debug|Any CPU.ActiveCfg = Debug|Any CPU
		{0BAD8458-5A2D-49F9-A224-4F167797F6EA}.Debug|Any CPU.Build.0 = Debug|Any CPU
		{0BAD8458-5A2D-49F9-A224-4F167797F6EA}.Release|Any CPU.ActiveCfg = Release|Any CPU
		{0BAD8458-5A2D-49F9-A224-4F167797F6EA}.Release|Any CPU.Build.0 = Release|Any CPU
		{0B5E980B-2675-4303-BBB2-5FCAD7C4E774}.Debug|Any CPU.ActiveCfg = Debug|Any CPU
		{0B5E980B-2675-4303-BBB2-5FCAD7C4E774}.Debug|Any CPU.Build.0 = Debug|Any CPU
		{0B5E980B-2675-4303-BBB2-5FCAD7C4E774}.Release|Any CPU.ActiveCfg = Release|Any CPU
		{0B5E980B-2675-4303-BBB2-5FCAD7C4E774}.Release|Any CPU.Build.0 = Release|Any CPU
	EndGlobalSection
EndGlobal
