
Microsoft Visual Studio Solution File, Format Version 12.00
# Visual Studio 2012
Project("{D954291E-2A0B-460D-934E-DC6B0785DB48}") = "Mono.Options.Shared", "Mono.Options.Shared\Mono.Options.Shared.shproj", "{29D3B9BC-E5C8-477A-A480-32A27915A442}"
EndProject
Project("{FAE04EC0-301F-11D3-BF4B-00C04F79EFBC}") = "Mono.Options.NetStandard", "Mono.Options.NetStandard\Mono.Options.NetStandard.csproj", "{5BFA6165-A5A8-45FD-89BE-4CECFFC9FB48}"
EndProject
Global
	GlobalSection(SolutionConfigurationPlatforms) = preSolution
		Debug|Any CPU = Debug|Any CPU
		Release|Any CPU = Release|Any CPU
	EndGlobalSection
	GlobalSection(ProjectConfigurationPlatforms) = postSolution
		{5BFA6165-A5A8-45FD-89BE-4CECFFC9FB48}.Debug|Any CPU.ActiveCfg = Debug|Any CPU
		{5BFA6165-A5A8-45FD-89BE-4CECFFC9FB48}.Debug|Any CPU.Build.0 = Debug|Any CPU
		{5BFA6165-A5A8-45FD-89BE-4CECFFC9FB48}.Release|Any CPU.ActiveCfg = Release|Any CPU
		{5BFA6165-A5A8-45FD-89BE-4CECFFC9FB48}.Release|Any CPU.Build.0 = Release|Any CPU
	EndGlobalSection
EndGlobal
