Microsoft Visual Studio Solution File, Format Version 12.00
# Visual Studio Version 16
VisualStudioVersion = 16.0.31515.178
MinimumVisualStudioVersion = 10.0.40219.1
Project("{9A19103F-16F7-4668-BE54-9A1E7A4F7556}") = "Filament", "source\Filament\Filament.csproj", "{14A182A4-ACDE-47D4-885B-284CEF75890E}"
EndProject
Project("{9A19103F-16F7-4668-BE54-9A1E7A4F7556}") = "FilamentUtils", "source\FilamentUtils\FilamentUtils.csproj", "{08426555-F360-46D9-8EED-DCC072AC3473}"
EndProject
Project("{9A19103F-16F7-4668-BE54-9A1E7A4F7556}") = "Gltfio", "source\Gltfio\Gltfio.csproj", "{AEB3D65B-B3A3-4A2B-9A4A-41FC4795C761}"
EndProject
Global
	GlobalSection(SolutionConfigurationPlatforms) = preSolution
		Debug|Any CPU = Debug|Any CPU
		Release|Any CPU = Release|Any CPU
	EndGlobalSection
	GlobalSection(ProjectConfigurationPlatforms) = postSolution
		{14A182A4-ACDE-47D4-885B-284CEF75890E}.Debug|Any CPU.ActiveCfg = Debug|Any CPU
		{14A182A4-ACDE-47D4-885B-284CEF75890E}.Debug|Any CPU.Build.0 = Debug|Any CPU
		{14A182A4-ACDE-47D4-885B-284CEF75890E}.Release|Any CPU.ActiveCfg = Release|Any CPU
		{14A182A4-ACDE-47D4-885B-284CEF75890E}.Release|Any CPU.Build.0 = Release|Any CPU
		{08426555-F360-46D9-8EED-DCC072AC3473}.Debug|Any CPU.ActiveCfg = Debug|Any CPU
		{08426555-F360-46D9-8EED-DCC072AC3473}.Debug|Any CPU.Build.0 = Debug|Any CPU
		{08426555-F360-46D9-8EED-DCC072AC3473}.Release|Any CPU.ActiveCfg = Release|Any CPU
		{08426555-F360-46D9-8EED-DCC072AC3473}.Release|Any CPU.Build.0 = Release|Any CPU
		{AEB3D65B-B3A3-4A2B-9A4A-41FC4795C761}.Debug|Any CPU.ActiveCfg = Debug|Any CPU
		{AEB3D65B-B3A3-4A2B-9A4A-41FC4795C761}.Debug|Any CPU.Build.0 = Debug|Any CPU
		{AEB3D65B-B3A3-4A2B-9A4A-41FC4795C761}.Release|Any CPU.ActiveCfg = Release|Any CPU
		{AEB3D65B-B3A3-4A2B-9A4A-41FC4795C761}.Release|Any CPU.Build.0 = Release|Any CPU
	EndGlobalSection
	GlobalSection(SolutionProperties) = preSolution
		HideSolutionNode = FALSE
	EndGlobalSection
	GlobalSection(ExtensibilityGlobals) = postSolution
		SolutionGuid = {479C732D-903E-48C0-8A96-9998FA560D5F}
	EndGlobalSection
EndGlobal
