
Microsoft Visual Studio Solution File, Format Version 12.00
# Visual Studio 2012
Project("{FAE04EC0-301F-11D3-BF4B-00C04F79EFBC}") = "JVMenuPopoverNavigationSample", "JVMenuPopoverSample\JVMenuPopoverNavigationSample.csproj", "{151C39DF-98AA-44B1-872C-9DAF2C9F1B44}"
EndProject
Project("{FAE04EC0-301F-11D3-BF4B-00C04F79EFBC}") = "JVMenuPopoverMenuSample", "JVMenuPopoverMenuSample\JVMenuPopoverMenuSample.csproj", "{4D0A578D-7708-48ED-98CB-C71CB0550663}"
EndProject
Project("{FAE04EC0-301F-11D3-BF4B-00C04F79EFBC}") = "JVMenuPopover", "..\..\source\JVMenuPopover\JVMenuPopover.csproj", "{761ED8A2-E43B-4B12-B7F5-84C8EF81F991}"
EndProject
Global
	GlobalSection(SolutionConfigurationPlatforms) = preSolution
		Debug|iPhoneSimulator = Debug|iPhoneSimulator
		Release|iPhone = Release|iPhone
		Release|iPhoneSimulator = Release|iPhoneSimulator
		Debug|iPhone = Debug|iPhone
		Debug|Any CPU = Debug|Any CPU
		Release|Any CPU = Release|Any CPU
	EndGlobalSection
	GlobalSection(ProjectConfigurationPlatforms) = postSolution
		{151C39DF-98AA-44B1-872C-9DAF2C9F1B44}.Debug|Any CPU.ActiveCfg = Debug|iPhoneSimulator
		{151C39DF-98AA-44B1-872C-9DAF2C9F1B44}.Debug|Any CPU.Build.0 = Debug|iPhoneSimulator
		{151C39DF-98AA-44B1-872C-9DAF2C9F1B44}.Debug|iPhone.ActiveCfg = Debug|iPhone
		{151C39DF-98AA-44B1-872C-9DAF2C9F1B44}.Debug|iPhone.Build.0 = Debug|iPhone
		{151C39DF-98AA-44B1-872C-9DAF2C9F1B44}.Debug|iPhoneSimulator.ActiveCfg = Debug|iPhoneSimulator
		{151C39DF-98AA-44B1-872C-9DAF2C9F1B44}.Debug|iPhoneSimulator.Build.0 = Debug|iPhoneSimulator
		{151C39DF-98AA-44B1-872C-9DAF2C9F1B44}.Release|Any CPU.ActiveCfg = Release|iPhone
		{151C39DF-98AA-44B1-872C-9DAF2C9F1B44}.Release|Any CPU.Build.0 = Release|iPhone
		{151C39DF-98AA-44B1-872C-9DAF2C9F1B44}.Release|iPhone.ActiveCfg = Release|iPhone
		{151C39DF-98AA-44B1-872C-9DAF2C9F1B44}.Release|iPhone.Build.0 = Release|iPhone
		{151C39DF-98AA-44B1-872C-9DAF2C9F1B44}.Release|iPhoneSimulator.ActiveCfg = Release|iPhoneSimulator
		{151C39DF-98AA-44B1-872C-9DAF2C9F1B44}.Release|iPhoneSimulator.Build.0 = Release|iPhoneSimulator
		{4D0A578D-7708-48ED-98CB-C71CB0550663}.Debug|Any CPU.ActiveCfg = Debug|iPhoneSimulator
		{4D0A578D-7708-48ED-98CB-C71CB0550663}.Debug|Any CPU.Build.0 = Debug|iPhoneSimulator
		{4D0A578D-7708-48ED-98CB-C71CB0550663}.Debug|iPhone.ActiveCfg = Debug|iPhone
		{4D0A578D-7708-48ED-98CB-C71CB0550663}.Debug|iPhone.Build.0 = Debug|iPhone
		{4D0A578D-7708-48ED-98CB-C71CB0550663}.Debug|iPhoneSimulator.ActiveCfg = Debug|iPhoneSimulator
		{4D0A578D-7708-48ED-98CB-C71CB0550663}.Debug|iPhoneSimulator.Build.0 = Debug|iPhoneSimulator
		{4D0A578D-7708-48ED-98CB-C71CB0550663}.Release|Any CPU.ActiveCfg = Release|iPhone
		{4D0A578D-7708-48ED-98CB-C71CB0550663}.Release|Any CPU.Build.0 = Release|iPhone
		{4D0A578D-7708-48ED-98CB-C71CB0550663}.Release|iPhone.ActiveCfg = Release|iPhone
		{4D0A578D-7708-48ED-98CB-C71CB0550663}.Release|iPhone.Build.0 = Release|iPhone
		{4D0A578D-7708-48ED-98CB-C71CB0550663}.Release|iPhoneSimulator.ActiveCfg = Release|iPhoneSimulator
		{4D0A578D-7708-48ED-98CB-C71CB0550663}.Release|iPhoneSimulator.Build.0 = Release|iPhoneSimulator
		{761ED8A2-E43B-4B12-B7F5-84C8EF81F991}.Debug|iPhoneSimulator.ActiveCfg = Debug|Any CPU
		{761ED8A2-E43B-4B12-B7F5-84C8EF81F991}.Debug|iPhoneSimulator.Build.0 = Debug|Any CPU
		{761ED8A2-E43B-4B12-B7F5-84C8EF81F991}.Release|iPhone.ActiveCfg = Release|Any CPU
		{761ED8A2-E43B-4B12-B7F5-84C8EF81F991}.Release|iPhone.Build.0 = Release|Any CPU
		{761ED8A2-E43B-4B12-B7F5-84C8EF81F991}.Release|iPhoneSimulator.ActiveCfg = Release|Any CPU
		{761ED8A2-E43B-4B12-B7F5-84C8EF81F991}.Release|iPhoneSimulator.Build.0 = Release|Any CPU
		{761ED8A2-E43B-4B12-B7F5-84C8EF81F991}.Debug|iPhone.ActiveCfg = Debug|Any CPU
		{761ED8A2-E43B-4B12-B7F5-84C8EF81F991}.Debug|iPhone.Build.0 = Debug|Any CPU
		{761ED8A2-E43B-4B12-B7F5-84C8EF81F991}.Debug|Any CPU.ActiveCfg = Debug|Any CPU
		{761ED8A2-E43B-4B12-B7F5-84C8EF81F991}.Debug|Any CPU.Build.0 = Debug|Any CPU
		{761ED8A2-E43B-4B12-B7F5-84C8EF81F991}.Release|Any CPU.ActiveCfg = Release|Any CPU
		{761ED8A2-E43B-4B12-B7F5-84C8EF81F991}.Release|Any CPU.Build.0 = Release|Any CPU
	EndGlobalSection
	GlobalSection(MonoDevelopProperties) = preSolution
		version = 1.7
	EndGlobalSection
EndGlobal
