
Microsoft Visual Studio Solution File, Format Version 11.00
# Visual Studio 2010
Project("{FAE04EC0-301F-11D3-BF4B-00C04F79EFBC}") = "AndroidSwitchBackport", "source\AndroidSwitchBackport\AndroidSwitchBackport.csproj", "{99CCC39A-EF97-4DFE-8990-66CB330CD0C7}"
EndProject
Project("{FAE04EC0-301F-11D3-BF4B-00C04F79EFBC}") = "BetterPickers", "source\BetterPickers\BetterPickers.csproj", "{5F2E732B-D65A-4688-A33E-8256BA58B8D9}"
EndProject
Global
	GlobalSection(SolutionConfigurationPlatforms) = preSolution
		Debug|Any CPU = Debug|Any CPU
		Release|Any CPU = Release|Any CPU
	EndGlobalSection
	GlobalSection(ProjectConfigurationPlatforms) = postSolution
		{5F2E732B-D65A-4688-A33E-8256BA58B8D9}.Debug|Any CPU.ActiveCfg = Debug|Any CPU
		{5F2E732B-D65A-4688-A33E-8256BA58B8D9}.Debug|Any CPU.Build.0 = Debug|Any CPU
		{5F2E732B-D65A-4688-A33E-8256BA58B8D9}.Release|Any CPU.ActiveCfg = Release|Any CPU
		{5F2E732B-D65A-4688-A33E-8256BA58B8D9}.Release|Any CPU.Build.0 = Release|Any CPU
		{99CCC39A-EF97-4DFE-8990-66CB330CD0C7}.Debug|Any CPU.ActiveCfg = Debug|Any CPU
		{99CCC39A-EF97-4DFE-8990-66CB330CD0C7}.Debug|Any CPU.Build.0 = Debug|Any CPU
		{99CCC39A-EF97-4DFE-8990-66CB330CD0C7}.Release|Any CPU.ActiveCfg = Release|Any CPU
		{99CCC39A-EF97-4DFE-8990-66CB330CD0C7}.Release|Any CPU.Build.0 = Release|Any CPU
	EndGlobalSection
EndGlobal
