
Microsoft Visual Studio Solution File, Format Version 12.00
# Visual Studio 2012
Project("{FAE04EC0-301F-11D3-BF4B-00C04F79EFBC}") = "GigyaSDK.Android", "GigyaSDK.Android\GigyaSDK.Android.csproj", "{03812A78-1615-4B2B-88BB-50D35CF264A9}"
EndProject
Global
	GlobalSection(SolutionConfigurationPlatforms) = preSolution
		Debug|Any CPU = Debug|Any CPU
		Release|Any CPU = Release|Any CPU
	EndGlobalSection
	GlobalSection(ProjectConfigurationPlatforms) = postSolution
		{03812A78-1615-4B2B-88BB-50D35CF264A9}.Debug|Any CPU.ActiveCfg = Debug|Any CPU
		{03812A78-1615-4B2B-88BB-50D35CF264A9}.Debug|Any CPU.Build.0 = Debug|Any CPU
		{03812A78-1615-4B2B-88BB-50D35CF264A9}.Release|Any CPU.ActiveCfg = Release|Any CPU
		{03812A78-1615-4B2B-88BB-50D35CF264A9}.Release|Any CPU.Build.0 = Release|Any CPU
	EndGlobalSection
EndGlobal
