
Microsoft Visual Studio Solution File, Format Version 12.00
# Visual Studio 2012
Project("{FAE04EC0-301F-11D3-BF4B-00C04F79EFBC}") = "SDWebImageSample", "SDWebImageSample\SDWebImageSample.csproj", "{F8F304A5-3C6B-4C5A-8351-ADA4BD70903D}"
EndProject
Project("{D954291E-2A0B-460D-934E-DC6B0785DB48}") = "SDWebImage", "..\..\source\SDWebImage\SDWebImage.shproj", "{E716CB06-0D9B-4038-BAB2-61C6317849CA}"
EndProject
Project("{FAE04EC0-301F-11D3-BF4B-00C04F79EFBC}") = "SDWebImage.iOS", "..\..\source\SDWebImage.iOS\SDWebImage.iOS.csproj", "{FB236600-A4DA-44E0-887C-5C81A424B998}"
EndProject
Global
	GlobalSection(SolutionConfigurationPlatforms) = preSolution
		Debug|iPhoneSimulator = Debug|iPhoneSimulator
		Release|iPhone = Release|iPhone
		Release|iPhoneSimulator = Release|iPhoneSimulator
		Debug|iPhone = Debug|iPhone
	EndGlobalSection
	GlobalSection(ProjectConfigurationPlatforms) = postSolution
		{F8F304A5-3C6B-4C5A-8351-ADA4BD70903D}.Debug|iPhoneSimulator.ActiveCfg = Debug|iPhoneSimulator
		{F8F304A5-3C6B-4C5A-8351-ADA4BD70903D}.Debug|iPhoneSimulator.Build.0 = Debug|iPhoneSimulator
		{F8F304A5-3C6B-4C5A-8351-ADA4BD70903D}.Release|iPhone.ActiveCfg = Release|iPhone
		{F8F304A5-3C6B-4C5A-8351-ADA4BD70903D}.Release|iPhone.Build.0 = Release|iPhone
		{F8F304A5-3C6B-4C5A-8351-ADA4BD70903D}.Release|iPhoneSimulator.ActiveCfg = Release|iPhoneSimulator
		{F8F304A5-3C6B-4C5A-8351-ADA4BD70903D}.Release|iPhoneSimulator.Build.0 = Release|iPhoneSimulator
		{F8F304A5-3C6B-4C5A-8351-ADA4BD70903D}.Debug|iPhone.ActiveCfg = Debug|iPhone
		{F8F304A5-3C6B-4C5A-8351-ADA4BD70903D}.Debug|iPhone.Build.0 = Debug|iPhone
		{FB236600-A4DA-44E0-887C-5C81A424B998}.Debug|iPhoneSimulator.ActiveCfg = Debug|Any CPU
		{FB236600-A4DA-44E0-887C-5C81A424B998}.Debug|iPhoneSimulator.Build.0 = Debug|Any CPU
		{FB236600-A4DA-44E0-887C-5C81A424B998}.Release|iPhone.ActiveCfg = Release|Any CPU
		{FB236600-A4DA-44E0-887C-5C81A424B998}.Release|iPhone.Build.0 = Release|Any CPU
		{FB236600-A4DA-44E0-887C-5C81A424B998}.Release|iPhoneSimulator.ActiveCfg = Release|Any CPU
		{FB236600-A4DA-44E0-887C-5C81A424B998}.Release|iPhoneSimulator.Build.0 = Release|Any CPU
		{FB236600-A4DA-44E0-887C-5C81A424B998}.Debug|iPhone.ActiveCfg = Debug|Any CPU
		{FB236600-A4DA-44E0-887C-5C81A424B998}.Debug|iPhone.Build.0 = Debug|Any CPU
	EndGlobalSection
EndGlobal
