
Microsoft Visual Studio Solution File, Format Version 12.00
# Visual Studio 15
VisualStudioVersion = 15.0.26124.0
MinimumVisualStudioVersion = 15.0.26124.0
Project("{9A19103F-16F7-4668-BE54-9A1E7A4F7556}") = "mono-api-info", "mono-api-info\mono-api-info.csproj", "{82A42CF4-F381-4235-8FBA-2DF3AFD9895F}"
EndProject
Project("{9A19103F-16F7-4668-BE54-9A1E7A4F7556}") = "mono-api-diff", "mono-api-diff\mono-api-diff.csproj", "{6D5FA521-134A-4986-BCE4-0DBF24E130F5}"
EndProject
Project("{9A19103F-16F7-4668-BE54-9A1E7A4F7556}") = "mono-api-html", "mono-api-html\mono-api-html.csproj", "{14DE355B-E0D7-403F-BD94-91FFB4972CC0}"
EndProject
Project("{9A19103F-16F7-4668-BE54-9A1E7A4F7556}") = "Mono.ApiTools.ApiDiff", "Mono.ApiTools.ApiDiff\Mono.ApiTools.ApiDiff.csproj", "{0E6715C4-0C54-4063-8A28-710B73AE0C9E}"
EndProject
Project("{9A19103F-16F7-4668-BE54-9A1E7A4F7556}") = "Mono.ApiTools.ApiDiffFormatted", "Mono.ApiTools.ApiDiffFormatted\Mono.ApiTools.ApiDiffFormatted.csproj", "{20171912-FF8A-461A-8685-A743E438CB3D}"
EndProject
Project("{9A19103F-16F7-4668-BE54-9A1E7A4F7556}") = "Mono.ApiTools.ApiInfo", "Mono.ApiTools.ApiInfo\Mono.ApiTools.ApiInfo.csproj", "{4D762D48-355E-4E3D-AE45-C1F0193A0CEE}"
EndProject
Global
	GlobalSection(SolutionConfigurationPlatforms) = preSolution
		Debug|Any CPU = Debug|Any CPU
		Release|Any CPU = Release|Any CPU
	EndGlobalSection
	GlobalSection(ProjectConfigurationPlatforms) = postSolution
		{82A42CF4-F381-4235-8FBA-2DF3AFD9895F}.Debug|Any CPU.ActiveCfg = Debug|Any CPU
		{82A42CF4-F381-4235-8FBA-2DF3AFD9895F}.Debug|Any CPU.Build.0 = Debug|Any CPU
		{82A42CF4-F381-4235-8FBA-2DF3AFD9895F}.Release|Any CPU.ActiveCfg = Release|Any CPU
		{82A42CF4-F381-4235-8FBA-2DF3AFD9895F}.Release|Any CPU.Build.0 = Release|Any CPU
		{6D5FA521-134A-4986-BCE4-0DBF24E130F5}.Debug|Any CPU.ActiveCfg = Debug|Any CPU
		{6D5FA521-134A-4986-BCE4-0DBF24E130F5}.Debug|Any CPU.Build.0 = Debug|Any CPU
		{6D5FA521-134A-4986-BCE4-0DBF24E130F5}.Release|Any CPU.ActiveCfg = Release|Any CPU
		{6D5FA521-134A-4986-BCE4-0DBF24E130F5}.Release|Any CPU.Build.0 = Release|Any CPU
		{14DE355B-E0D7-403F-BD94-91FFB4972CC0}.Debug|Any CPU.ActiveCfg = Debug|Any CPU
		{14DE355B-E0D7-403F-BD94-91FFB4972CC0}.Debug|Any CPU.Build.0 = Debug|Any CPU
		{14DE355B-E0D7-403F-BD94-91FFB4972CC0}.Release|Any CPU.ActiveCfg = Release|Any CPU
		{14DE355B-E0D7-403F-BD94-91FFB4972CC0}.Release|Any CPU.Build.0 = Release|Any CPU
		{0E6715C4-0C54-4063-8A28-710B73AE0C9E}.Debug|Any CPU.ActiveCfg = Debug|Any CPU
		{0E6715C4-0C54-4063-8A28-710B73AE0C9E}.Debug|Any CPU.Build.0 = Debug|Any CPU
		{0E6715C4-0C54-4063-8A28-710B73AE0C9E}.Release|Any CPU.ActiveCfg = Release|Any CPU
		{0E6715C4-0C54-4063-8A28-710B73AE0C9E}.Release|Any CPU.Build.0 = Release|Any CPU
		{20171912-FF8A-461A-8685-A743E438CB3D}.Debug|Any CPU.ActiveCfg = Debug|Any CPU
		{20171912-FF8A-461A-8685-A743E438CB3D}.Debug|Any CPU.Build.0 = Debug|Any CPU
		{20171912-FF8A-461A-8685-A743E438CB3D}.Release|Any CPU.ActiveCfg = Release|Any CPU
		{20171912-FF8A-461A-8685-A743E438CB3D}.Release|Any CPU.Build.0 = Release|Any CPU
		{4D762D48-355E-4E3D-AE45-C1F0193A0CEE}.Debug|Any CPU.ActiveCfg = Debug|Any CPU
		{4D762D48-355E-4E3D-AE45-C1F0193A0CEE}.Debug|Any CPU.Build.0 = Debug|Any CPU
		{4D762D48-355E-4E3D-AE45-C1F0193A0CEE}.Release|Any CPU.ActiveCfg = Release|Any CPU
		{4D762D48-355E-4E3D-AE45-C1F0193A0CEE}.Release|Any CPU.Build.0 = Release|Any CPU
	EndGlobalSection
	GlobalSection(SolutionProperties) = preSolution
		HideSolutionNode = FALSE
	EndGlobalSection
	GlobalSection(ExtensibilityGlobals) = postSolution
		SolutionGuid = {22023CAE-F851-485A-85F4-0E29E28AD064}
	EndGlobalSection
EndGlobal
