
Microsoft Visual Studio Solution File, Format Version 12.00
# Visual Studio 2012
Project("{FAE04EC0-301F-11D3-BF4B-00C04F79EFBC}") = "CrashlyticsSample", "CrashlyticsSample\CrashlyticsSample.csproj", "{074F363D-04CF-4DB0-A6E2-CD299EDDDE67}"
EndProject
Global
	GlobalSection(SolutionConfigurationPlatforms) = preSolution
		Debug|Any CPU = Debug|Any CPU
		Release|Any CPU = Release|Any CPU
	EndGlobalSection
	GlobalSection(ProjectConfigurationPlatforms) = postSolution
		{074F363D-04CF-4DB0-A6E2-CD299EDDDE67}.Debug|Any CPU.ActiveCfg = Debug|Any CPU
		{074F363D-04CF-4DB0-A6E2-CD299EDDDE67}.Debug|Any CPU.Build.0 = Debug|Any CPU
		{074F363D-04CF-4DB0-A6E2-CD299EDDDE67}.Release|Any CPU.ActiveCfg = Release|Any CPU
		{074F363D-04CF-4DB0-A6E2-CD299EDDDE67}.Release|Any CPU.Build.0 = Release|Any CPU
	EndGlobalSection
EndGlobal
