
Microsoft Visual Studio Solution File, Format Version 12.00
# Visual Studio 2012
Project("{FAE04EC0-301F-11D3-BF4B-00C04F79EFBC}") = "Xamarin.Kotlin.StdLib", "Xamarin.Kotlin.StdLib\Xamarin.Kotlin.StdLib.csproj", "{A905D25B-A356-47F7-ACDD-70DA7596B1D1}"
EndProject
Project("{FAE04EC0-301F-11D3-BF4B-00C04F79EFBC}") = "Xamarin.Kotlin.StdLib.Jdk8", "Xamarin.Kotlin.StdLib.Jdk8\Xamarin.Kotlin.StdLib.Jdk8.csproj", "{2B848B8A-8E51-4A01-A523-13B7451C6289}"
EndProject
Project("{FAE04EC0-301F-11D3-BF4B-00C04F79EFBC}") = "Xamarin.Kotlin.StdLib.Jdk7", "Xamarin.Kotlin.StdLib.Jdk7\Xamarin.Kotlin.StdLib.Jdk7.csproj", "{B2E2FEF0-A260-433E-A747-485D6220D51C}"
EndProject
Global
	GlobalSection(SolutionConfigurationPlatforms) = preSolution
		Debug|Any CPU = Debug|Any CPU
		Release|Any CPU = Release|Any CPU
	EndGlobalSection
	GlobalSection(ProjectConfigurationPlatforms) = postSolution
		{A905D25B-A356-47F7-ACDD-70DA7596B1D1}.Debug|Any CPU.ActiveCfg = Debug|Any CPU
		{A905D25B-A356-47F7-ACDD-70DA7596B1D1}.Debug|Any CPU.Build.0 = Debug|Any CPU
		{A905D25B-A356-47F7-ACDD-70DA7596B1D1}.Release|Any CPU.ActiveCfg = Release|Any CPU
		{A905D25B-A356-47F7-ACDD-70DA7596B1D1}.Release|Any CPU.Build.0 = Release|Any CPU
		{2B848B8A-8E51-4A01-A523-13B7451C6289}.Debug|Any CPU.ActiveCfg = Debug|Any CPU
		{2B848B8A-8E51-4A01-A523-13B7451C6289}.Debug|Any CPU.Build.0 = Debug|Any CPU
		{2B848B8A-8E51-4A01-A523-13B7451C6289}.Release|Any CPU.ActiveCfg = Release|Any CPU
		{2B848B8A-8E51-4A01-A523-13B7451C6289}.Release|Any CPU.Build.0 = Release|Any CPU
		{B2E2FEF0-A260-433E-A747-485D6220D51C}.Debug|Any CPU.ActiveCfg = Debug|Any CPU
		{B2E2FEF0-A260-433E-A747-485D6220D51C}.Debug|Any CPU.Build.0 = Debug|Any CPU
		{B2E2FEF0-A260-433E-A747-485D6220D51C}.Release|Any CPU.ActiveCfg = Release|Any CPU
		{B2E2FEF0-A260-433E-A747-485D6220D51C}.Release|Any CPU.Build.0 = Release|Any CPU
	EndGlobalSection
EndGlobal
