
Microsoft Visual Studio Solution File, Format Version 12.00
# Visual Studio 15
Project("{FAE04EC0-301F-11D3-BF4B-00C04F79EFBC}") = "Square.Retrofit2.AdapterRxJava2", "Square.Retrofit2.AdapterRxJava2\Square.Retrofit2.AdapterRxJava2.csproj", "{24908F83-2551-4E19-B3B8-256EAD03F10B}"
EndProject
Global
	GlobalSection(SolutionConfigurationPlatforms) = preSolution
		Debug|Any CPU = Debug|Any CPU
		Release|Any CPU = Release|Any CPU
	EndGlobalSection
	GlobalSection(ProjectConfigurationPlatforms) = postSolution
		{24908F83-2551-4E19-B3B8-256EAD03F10B}.Debug|Any CPU.ActiveCfg = Debug|Any CPU
		{24908F83-2551-4E19-B3B8-256EAD03F10B}.Debug|Any CPU.Build.0 = Debug|Any CPU
		{24908F83-2551-4E19-B3B8-256EAD03F10B}.Release|Any CPU.ActiveCfg = Release|Any CPU
		{24908F83-2551-4E19-B3B8-256EAD03F10B}.Release|Any CPU.Build.0 = Release|Any CPU
	EndGlobalSection
EndGlobal
