
Microsoft Visual Studio Solution File, Format Version 12.00
# Visual Studio 2012
Project("{FAE04EC0-301F-11D3-BF4B-00C04F79EFBC}") = "VKontakteSampleAndroid", "VKontakteSampleAndroid\VKontakteSampleAndroid.csproj", "{F63429B3-3C4D-4067-8B9F-DF6FDFA9F715}"
EndProject
Project("{FAE04EC0-301F-11D3-BF4B-00C04F79EFBC}") = "VKontakte.Android", "..\source\VKontakte.Android\VKontakte.Android.csproj", "{6CA62553-48DB-4DA6-ACEC-946F86729047}"
EndProject
Global
	GlobalSection(SolutionConfigurationPlatforms) = preSolution
		Debug|Any CPU = Debug|Any CPU
		Release|Any CPU = Release|Any CPU
	EndGlobalSection
	GlobalSection(ProjectConfigurationPlatforms) = postSolution
		{6CA62553-48DB-4DA6-ACEC-946F86729047}.Debug|Any CPU.ActiveCfg = Debug|Any CPU
		{6CA62553-48DB-4DA6-ACEC-946F86729047}.Debug|Any CPU.Build.0 = Debug|Any CPU
		{6CA62553-48DB-4DA6-ACEC-946F86729047}.Release|Any CPU.ActiveCfg = Release|Any CPU
		{6CA62553-48DB-4DA6-ACEC-946F86729047}.Release|Any CPU.Build.0 = Release|Any CPU
		{F63429B3-3C4D-4067-8B9F-DF6FDFA9F715}.Debug|Any CPU.ActiveCfg = Debug|Any CPU
		{F63429B3-3C4D-4067-8B9F-DF6FDFA9F715}.Debug|Any CPU.Build.0 = Debug|Any CPU
		{F63429B3-3C4D-4067-8B9F-DF6FDFA9F715}.Release|Any CPU.ActiveCfg = Release|Any CPU
		{F63429B3-3C4D-4067-8B9F-DF6FDFA9F715}.Release|Any CPU.Build.0 = Release|Any CPU
	EndGlobalSection
EndGlobal
