
Microsoft Visual Studio Solution File, Format Version 12.00
# Visual Studio 14
VisualStudioVersion = 14.0.23107.0
MinimumVisualStudioVersion = 10.0.40219.1
Project("{FAE04EC0-301F-11D3-BF4B-00C04F79EFBC}") = "AndroidTimesSquareSample", "AndroidTimesSquareSample\AndroidTimesSquareSample.csproj", "{8B81483F-E882-4EAE-BCB5-F78328971FE8}"
EndProject
Project("{FAE04EC0-301F-11D3-BF4B-00C04F79EFBC}") = "Square.AndroidTimesSquare", "..\source\Square.AndroidTimesSquare\Square.AndroidTimesSquare.csproj", "{2B8B502B-5835-4D82-A561-A5B810574FFE}"
EndProject
Global
	GlobalSection(SolutionConfigurationPlatforms) = preSolution
		Debug|Any CPU = Debug|Any CPU
		Release|Any CPU = Release|Any CPU
	EndGlobalSection
	GlobalSection(ProjectConfigurationPlatforms) = postSolution
		{8B81483F-E882-4EAE-BCB5-F78328971FE8}.Debug|Any CPU.ActiveCfg = Debug|Any CPU
		{8B81483F-E882-4EAE-BCB5-F78328971FE8}.Debug|Any CPU.Build.0 = Debug|Any CPU
		{8B81483F-E882-4EAE-BCB5-F78328971FE8}.Debug|Any CPU.Deploy.0 = Debug|Any CPU
		{8B81483F-E882-4EAE-BCB5-F78328971FE8}.Release|Any CPU.ActiveCfg = Release|Any CPU
		{8B81483F-E882-4EAE-BCB5-F78328971FE8}.Release|Any CPU.Build.0 = Release|Any CPU
		{8B81483F-E882-4EAE-BCB5-F78328971FE8}.Release|Any CPU.Deploy.0 = Release|Any CPU
		{2B8B502B-5835-4D82-A561-A5B810574FFE}.Debug|Any CPU.ActiveCfg = Debug|Any CPU
		{2B8B502B-5835-4D82-A561-A5B810574FFE}.Debug|Any CPU.Build.0 = Debug|Any CPU
		{2B8B502B-5835-4D82-A561-A5B810574FFE}.Release|Any CPU.ActiveCfg = Release|Any CPU
		{2B8B502B-5835-4D82-A561-A5B810574FFE}.Release|Any CPU.Build.0 = Release|Any CPU
	EndGlobalSection
	GlobalSection(SolutionProperties) = preSolution
		HideSolutionNode = FALSE
	EndGlobalSection
EndGlobal
