
Microsoft Visual Studio Solution File, Format Version 12.00
# Visual Studio 2012
Project("{FAE04EC0-301F-11D3-BF4B-00C04F79EFBC}") = "OpenId.AppAuth.Android", "OpenId.AppAuth.Android\OpenId.AppAuth.Android.csproj", "{DDD84AB4-80CE-4C3E-A6D0-8284A881A7A8}"
EndProject
Global
	GlobalSection(SolutionConfigurationPlatforms) = preSolution
		Debug|Any CPU = Debug|Any CPU
		Release|Any CPU = Release|Any CPU
	EndGlobalSection
	GlobalSection(ProjectConfigurationPlatforms) = postSolution
		{DDD84AB4-80CE-4C3E-A6D0-8284A881A7A8}.Debug|Any CPU.ActiveCfg = Debug|Any CPU
		{DDD84AB4-80CE-4C3E-A6D0-8284A881A7A8}.Debug|Any CPU.Build.0 = Debug|Any CPU
		{DDD84AB4-80CE-4C3E-A6D0-8284A881A7A8}.Release|Any CPU.ActiveCfg = Release|Any CPU
		{DDD84AB4-80CE-4C3E-A6D0-8284A881A7A8}.Release|Any CPU.Build.0 = Release|Any CPU
	EndGlobalSection
EndGlobal
